// !$*UTF8*$!
{
	archiveVersion = 1;
	classes = {
	};
	objectVersion = 77;
	objects = {

/* Begin PBXContainerItemProxy section */
		1D8FED092E5E7A7F005C4A70 /* PBXContainerItemProxy */ = {
			isa = PBXContainerItemProxy;
			containerPortal = 1D8FECEA2E5E7A7E005C4A70 /* Project object */;
			proxyType = 1;
			remoteGlobalIDString = 1D8FECF12E5E7A7E005C4A70;
			remoteInfo = ViewController;
		};
		1D8FED132E5E7A7F005C4A70 /* PBXContainerItemProxy */ = {
			isa = PBXContainerItemProxy;
			containerPortal = 1D8FECEA2E5E7A7E005C4A70 /* Project object */;
			proxyType = 1;
			remoteGlobalIDString = 1D8FECF12E5E7A7E005C4A70;
			remoteInfo = ViewController;
		};
/* End PBXContainerItemProxy section */

/* Begin PBXFileReference section */
		1D8FECF22E5E7A7E005C4A70 /* ViewController.app */ = {isa = PBXFileReference; explicitFileType = wrapper.application; includeInIndex = 0; path = ViewController.app; sourceTree = BUILT_PRODUCTS_DIR; };
		1D8FED082E5E7A7F005C4A70 /* ViewControllerTests.xctest */ = {isa = PBXFileReference; explicitFileType = wrapper.cfbundle; includeInIndex = 0; path = ViewControllerTests.xctest; sourceTree = BUILT_PRODUCTS_DIR; };
		1D8FED122E5E7A7F005C4A70 /* ViewControllerUITests.xctest */ = {isa = PBXFileReference; explicitFileType = wrapper.cfbundle; includeInIndex = 0; path = ViewControllerUITests.xctest; sourceTree = BUILT_PRODUCTS_DIR; };
/* End PBXFileReference section */

/* Begin PBXFileSystemSynchronizedBuildFileExceptionSet section */
		1D8FED1A2E5E7A7F005C4A70 /* Exceptions for "ViewController" folder in "ViewController" target */ = {
			isa = PBXFileSystemSynchronizedBuildFileExceptionSet;
			membershipExceptions = (
				Info.plist,
			);
			target = 1D8FECF12E5E7A7E005C4A70 /* ViewController */;
		};
/* End PBXFileSystemSynchronizedBuildFileExceptionSet section */

/* Begin PBXFileSystemSynchronizedRootGroup section */
		1D8FECF42E5E7A7E005C4A70 /* ViewController */ = {
			isa = PBXFileSystemSynchronizedRootGroup;
			exceptions = (
				1D8FED1A2E5E7A7F005C4A70 /* Exceptions for "ViewController" folder in "ViewController" target */,
			);
			path = ViewController;
			sourceTree = "<group>";
		};
		1D8FED0B2E5E7A7F005C4A70 /* ViewControllerTests */ = {
			isa = PBXFileSystemSynchronizedRootGroup;
			path = ViewControllerTests;
			sourceTree = "<group>";
		};
		1D8FED152E5E7A7F005C4A70 /* ViewControllerUITests */ = {
			isa = PBXFileSystemSynchronizedRootGroup;
			path = ViewControllerUITests;
			sourceTree = "<group>";
		};
/* End PBXFileSystemSynchronizedRootGroup section */

/* Begin PBXFrameworksBuildPhase section */
		1D8FECEF2E5E7A7E005C4A70 /* Frameworks */ = {
			isa = PBXFrameworksBuildPhase;
			buildActionMask = 2147483647;
			files = (
			);
			runOnlyForDeploymentPostprocessing = 0;
		};
		1D8FED052E5E7A7F005C4A70 /* Frameworks */ = {
			isa = PBXFrameworksBuildPhase;
			buildActionMask = 2147483647;
			files = (
			);
			runOnlyForDeploymentPostprocessing = 0;
		};
		1D8FED0F2E5E7A7F005C4A70 /* Frameworks */ = {
			isa = PBXFrameworksBuildPhase;
			buildActionMask = 2147483647;
			files = (
			);
			runOnlyForDeploymentPostprocessing = 0;
		};
/* End PBXFrameworksBuildPhase section */

/* Begin PBXGroup section */
		1D8FECE92E5E7A7E005C4A70 = {
			isa = PBXGroup;
			children = (
				1D8FECF42E5E7A7E005C4A70 /* ViewController */,
				1D8FED0B2E5E7A7F005C4A70 /* ViewControllerTests */,
				1D8FED152E5E7A7F005C4A70 /* ViewControllerUITests */,
				1D8FECF32E5E7A7E005C4A70 /* Products */,
			);
			sourceTree = "<group>";
		};
		1D8FECF32E5E7A7E005C4A70 /* Products */ = {
			isa = PBXGroup;
			children = (
				1D8FECF22E5E7A7E005C4A70 /* ViewController.app */,
				1D8FED082E5E7A7F005C4A70 /* ViewControllerTests.xctest */,
				1D8FED122E5E7A7F005C4A70 /* ViewControllerUITests.xctest */,
			);
			name = Products;
			sourceTree = "<group>";
		};
/* End PBXGroup section */

/* Begin PBXNativeTarget section */
		1D8FECF12E5E7A7E005C4A70 /* ViewController */ = {
			isa = PBXNativeTarget;
			buildConfigurationList = 1D8FED1B2E5E7A7F005C4A70 /* Build configuration list for PBXNativeTarget "ViewController" */;
			buildPhases = (
				1D8FECEE2E5E7A7E005C4A70 /* Sources */,
				1D8FECEF2E5E7A7E005C4A70 /* Frameworks */,
				1D8FECF02E5E7A7E005C4A70 /* Resources */,
			);
			buildRules = (
			);
			dependencies = (
			);
			fileSystemSynchronizedGroups = (
				1D8FECF42E5E7A7E005C4A70 /* ViewController */,
			);
			name = ViewController;
			packageProductDependencies = (
			);
			productName = ViewController;
			productReference = 1D8FECF22E5E7A7E005C4A70 /* ViewController.app */;
			productType = "com.apple.product-type.application";
		};
		1D8FED072E5E7A7F005C4A70 /* ViewControllerTests */ = {
			isa = PBXNativeTarget;
			buildConfigurationList = 1D8FED202E5E7A7F005C4A70 /* Build configuration list for PBXNativeTarget "ViewControllerTests" */;
			buildPhases = (
				1D8FED042E5E7A7F005C4A70 /* Sources */,
				1D8FED052E5E7A7F005C4A70 /* Frameworks */,
				1D8FED062E5E7A7F005C4A70 /* Resources */,
			);
			buildRules = (
			);
			dependencies = (
				1D8FED0A2E5E7A7F005C4A70 /* PBXTargetDependency */,
			);
			fileSystemSynchronizedGroups = (
				1D8FED0B2E5E7A7F005C4A70 /* ViewControllerTests */,
			);
			name = ViewControllerTests;
			packageProductDependencies = (
			);
			productName = ViewControllerTests;
			productReference = 1D8FED082E5E7A7F005C4A70 /* ViewControllerTests.xctest */;
			productType = "com.apple.product-type.bundle.unit-test";
		};
		1D8FED112E5E7A7F005C4A70 /* ViewControllerUITests */ = {
			isa = PBXNativeTarget;
			buildConfigurationList = 1D8FED232E5E7A7F005C4A70 /* Build configuration list for PBXNativeTarget "ViewControllerUITests" */;
			buildPhases = (
				1D8FED0E2E5E7A7F005C4A70 /* Sources */,
				1D8FED0F2E5E7A7F005C4A70 /* Frameworks */,
				1D8FED102E5E7A7F005C4A70 /* Resources */,
			);
			buildRules = (
			);
			dependencies = (
				1D8FED142E5E7A7F005C4A70 /* PBXTargetDependency */,
			);
			fileSystemSynchronizedGroups = (
				1D8FED152E5E7A7F005C4A70 /* ViewControllerUITests */,
			);
			name = ViewControllerUITests;
			packageProductDependencies = (
			);
			productName = ViewControllerUITests;
			productReference = 1D8FED122E5E7A7F005C4A70 /* ViewControllerUITests.xctest */;
			productType = "com.apple.product-type.bundle.ui-testing";
		};
/* End PBXNativeTarget section */

/* Begin PBXProject section */
		1D8FECEA2E5E7A7E005C4A70 /* Project object */ = {
			isa = PBXProject;
			attributes = {
				BuildIndependentTargetsInParallel = 1;
				LastSwiftUpdateCheck = 1640;
				LastUpgradeCheck = 1640;
				TargetAttributes = {
					1D8FECF12E5E7A7E005C4A70 = {
						CreatedOnToolsVersion = 16.4;
					};
					1D8FED072E5E7A7F005C4A70 = {
						CreatedOnToolsVersion = 16.4;
						TestTargetID = 1D8FECF12E5E7A7E005C4A70;
					};
					1D8FED112E5E7A7F005C4A70 = {
						CreatedOnToolsVersion = 16.4;
						TestTargetID = 1D8FECF12E5E7A7E005C4A70;
					};
				};
			};
			buildConfigurationList = 1D8FECED2E5E7A7E005C4A70 /* Build configuration list for PBXProject "ViewController" */;
			developmentRegion = en;
			hasScannedForEncodings = 0;
			knownRegions = (
				en,
				Base,
			);
			mainGroup = 1D8FECE92E5E7A7E005C4A70;
			minimizedProjectReferenceProxies = 1;
			preferredProjectObjectVersion = 77;
			productRefGroup = 1D8FECF32E5E7A7E005C4A70 /* Products */;
			projectDirPath = "";
			projectRoot = "";
			targets = (
				1D8FECF12E5E7A7E005C4A70 /* ViewController */,
				1D8FED072E5E7A7F005C4A70 /* ViewControllerTests */,
				1D8FED112E5E7A7F005C4A70 /* ViewControllerUITests */,
			);
		};
/* End PBXProject section */

/* Begin PBXResourcesBuildPhase section */
		1D8FECF02E5E7A7E005C4A70 /* Resources */ = {
			isa = PBXResourcesBuildPhase;
			buildActionMask = 2147483647;
			files = (
			);
			runOnlyForDeploymentPostprocessing = 0;
		};
		1D8FED062E5E7A7F005C4A70 /* Resources */ = {
			isa = PBXResourcesBuildPhase;
			buildActionMask = 2147483647;
			files = (
			);
			runOnlyForDeploymentPostprocessing = 0;
		};
		1D8FED102E5E7A7F005C4A70 /* Resources */ = {
			isa = PBXResourcesBuildPhase;
			buildActionMask = 2147483647;
			files = (
			);
			runOnlyForDeploymentPostprocessing = 0;
		};
/* End PBXResourcesBuildPhase section */

/* Begin PBXSourcesBuildPhase section */
		1D8FECEE2E5E7A7E005C4A70 /* Sources */ = {
			isa = PBXSourcesBuildPhase;
			buildActionMask = 2147483647;
			files = (
			);
			runOnlyForDeploymentPostprocessing = 0;
		};
		1D8FED042E5E7A7F005C4A70 /* Sources */ = {
			isa = PBXSourcesBuildPhase;
			buildActionMask = 2147483647;
			files = (
			);
			runOnlyForDeploymentPostprocessing = 0;
		};
		1D8FED0E2E5E7A7F005C4A70 /* Sources */ = {
			isa = PBXSourcesBuildPhase;
			buildActionMask = 2147483647;
			files = (
			);
			runOnlyForDeploymentPostprocessing = 0;
		};
/* End PBXSourcesBuildPhase section */

/* Begin PBXTargetDependency section */
		1D8FED0A2E5E7A7F005C4A70 /* PBXTargetDependency */ = {
			isa = PBXTargetDependency;
			target = 1D8FECF12E5E7A7E005C4A70 /* ViewController */;
			targetProxy = 1D8FED092E5E7A7F005C4A70 /* PBXContainerItemProxy */;
		};
		1D8FED142E5E7A7F005C4A70 /* PBXTargetDependency */ = {
			isa = PBXTargetDependency;
			target = 1D8FECF12E5E7A7E005C4A70 /* ViewController */;
			targetProxy = 1D8FED132E5E7A7F005C4A70 /* PBXContainerItemProxy */;
		};
/* End PBXTargetDependency section */

/* Begin XCBuildConfiguration section */
		1D8FED1C2E5E7A7F005C4A70 /* Debug */ = {
			isa = XCBuildConfiguration;
			buildSettings = {
				ASSETCATALOG_COMPILER_APPICON_NAME = AppIcon;
				ASSETCATALOG_COMPILER_GLOBAL_ACCENT_COLOR_NAME = AccentColor;
				CODE_SIGN_STYLE = Automatic;
				CURRENT_PROJECT_VERSION = 1;
				GENERATE_INFOPLIST_FILE = YES;
				INFOPLIST_FILE = ViewController/Info.plist;
				INFOPLIST_KEY_UIApplicationSupportsIndirectInputEvents = YES;
				INFOPLIST_KEY_UILaunchStoryboardName = LaunchScreen;
				INFOPLIST_KEY_UIMainStoryboardFile = Main;
				INFOPLIST_KEY_UISupportedInterfaceOrientations_iPad = "UIInterfaceOrientationPortrait UIInterfaceOrientationPortraitUpsideDown UIInterfaceOrientationLandscapeLeft UIInterfaceOrientationLandscapeRight";
				INFOPLIST_KEY_UISupportedInterfaceOrientations_iPhone = "UIInterfaceOrientationPortrait UIInterfaceOrientationLandscapeLeft UIInterfaceOrientationLandscapeRight";
				LD_RUNPATH_SEARCH_PATHS = (
					"$(inherited)",
					"@executable_path/Frameworks",
				);
				MARKETING_VERSION = 1.0;
				PRODUCT_BUNDLE_IDENTIFIER = com.mustafaemirata.ViewController;
				PRODUCT_NAME = "$(TARGET_NAME)";
				SWIFT_EMIT_LOC_STRINGS = YES;
				SWIFT_VERSION = 5.0;
				TARGETED_DEVICE_FAMILY = "1,2";
			};
			name = Debug;
		};
		1D8FED1D2E5E7A7F005C4A70 /* Release */ = {
			isa = XCBuildConfiguration;
			buildSettings = {
				ASSETCATALOG_COMPILER_APPICON_NAME = AppIcon;
				ASSETCATALOG_COMPILER_GLOBAL_ACCENT_COLOR_NAME = AccentColor;
				CODE_SIGN_STYLE = Automatic;
				CURRENT_PROJECT_VERSION = 1;
				GENERATE_INFOPLIST_FILE = YES;
				INFOPLIST_FILE = ViewController/Info.plist;
				INFOPLIST_KEY_UIApplicationSupportsIndirectInputEvents = YES;
				INFOPLIST_KEY_UILaunchStoryboardName = LaunchScreen;
				INFOPLIST_KEY_UIMainStoryboardFile = Main;
				INFOPLIST_KEY_UISupportedInterfaceOrientations_iPad = "UIInterfaceOrientationPortrait UIInterfaceOrientationPortraitUpsideDown UIInterfaceOrientationLandscapeLeft UIInterfaceOrientationLandscapeRight";
				INFOPLIST_KEY_UISupportedInterfaceOrientations_iPhone = "UIInterfaceOrientationPortrait UIInterfaceOrientationLandscapeLeft UIInterfaceOrientationLandscapeRight";
				LD_RUNPATH_SEARCH_PATHS = (
					"$(inherited)",
					"@executable_path/Frameworks",
				);
				MARKETING_VERSION = 1.0;
				PRODUCT_BUNDLE_IDENTIFIER = com.mustafaemirata.ViewController;
				PRODUCT_NAME = "$(TARGET_NAME)";
				SWIFT_EMIT_LOC_STRINGS = YES;
				SWIFT_VERSION = 5.0;
				TARGETED_DEVICE_FAMILY = "1,2";
			};
			name = Release;
		};
		1D8FED1E2E5E7A7F005C4A70 /* Debug */ = {
			isa = XCBuildConfiguration;
			buildSettings = {
				ALWAYS_SEARCH_USER_PATHS = NO;
				ASSETCATALOG_COMPILER_GENERATE_SWIFT_ASSET_SYMBOL_EXTENSIONS = YES;
				CLANG_ANALYZER_NONNULL = YES;
				CLANG_ANALYZER_NUMBER_OBJECT_CONVERSION = YES_AGGRESSIVE;
				CLANG_CXX_LANGUAGE_STANDARD = "gnu++20";
				CLANG_ENABLE_MODULES = YES;
				CLANG_ENABLE_OBJC_ARC = YES;
				CLANG_ENABLE_OBJC_WEAK = YES;
				CLANG_WARN_BLOCK_CAPTURE_AUTORELEASING = YES;
				CLANG_WARN_BOOL_CONVERSION = YES;
				CLANG_WARN_COMMA = YES;
				CLANG_WARN_CONSTANT_CONVERSION = YES;
				CLANG_WARN_DEPRECATED_OBJC_IMPLEMENTATIONS = YES;
				CLANG_WARN_DIRECT_OBJC_ISA_USAGE = YES_ERROR;
				CLANG_WARN_DOCUMENTATION_COMMENTS = YES;
				CLANG_WARN_EMPTY_BODY = YES;
				CLANG_WARN_ENUM_CONVERSION = YES;
				CLANG_WARN_INFINITE_RECURSION = YES;
				CLANG_WARN_INT_CONVERSION = YES;
				CLANG_WARN_NON_LITERAL_NULL_CONVERSION = YES;
				CLANG_WARN_OBJC_IMPLICIT_RETAIN_SELF = YES;
				CLANG_WARN_OBJC_LITERAL_CONVERSION = YES;
				CLANG_WARN_OBJC_ROOT_CLASS = YES_ERROR;
				CLANG_WARN_QUOTED_INCLUDE_IN_FRAMEWORK_HEADER = YES;
				CLANG_WARN_RANGE_LOOP_ANALYSIS = YES;
				CLANG_WARN_STRICT_PROTOTYPES = YES;
				CLANG_WARN_SUSPICIOUS_MOVE = YES;
				CLANG_WARN_UNGUARDED_AVAILABILITY = YES_AGGRESSIVE;
				CLANG_WARN_UNREACHABLE_CODE = YES;
				CLANG_WARN__DUPLICATE_METHOD_MATCH = YES;
				COPY_PHASE_STRIP = NO;
				DEBUG_INFORMATION_FORMAT = dwarf;
				ENABLE_STRICT_OBJC_MSGSEND = YES;
				ENABLE_TESTABILITY = YES;
				ENABLE_USER_SCRIPT_SANDBOXING = YES;
				GCC_C_LANGUAGE_STANDARD = gnu17;
				GCC_DYNAMIC_NO_PIC = NO;
				GCC_NO_COMMON_BLOCKS = YES;
				GCC_OPTIMIZATION_LEVEL = 0;
				GCC_PREPROCESSOR_DEFINITIONS = (
					"DEBUG=1",
					"$(inherited)",
				);
				GCC_WARN_64_TO_32_BIT_CONVERSION = YES;
				GCC_WARN_ABOUT_RETURN_TYPE = YES_ERROR;
				GCC_WARN_UNDECLARED_SELECTOR = YES;
				GCC_WARN_UNINITIALIZED_AUTOS = YES_AGGRESSIVE;
				GCC_WARN_UNUSED_FUNCTION = YES;
				GCC_WARN_UNUSED_VARIABLE = YES;
				IPHONEOS_DEPLOYMENT_TARGET = 18.5;
				LOCALIZATION_PREFERS_STRING_CATALOGS = YES;
				MTL_ENABLE_DEBUG_INFO = INCLUDE_SOURCE;
				MTL_FAST_MATH = YES;
				ONLY_ACTIVE_ARCH = YES;
				SDKROOT = iphoneos;
				SWIFT_ACTIVE_COMPILATION_CONDITIONS = "DEBUG $(inherited)";
				SWIFT_OPTIMIZATION_LEVEL = "-Onone";
			};
			name = Debug;
		};
		1D8FED1F2E5E7A7F005C4A70 /* Release */ = {
			isa = XCBuildConfiguration;
			buildSettings = {
				ALWAYS_SEARCH_USER_PATHS = NO;
				ASSETCATALOG_COMPILER_GENERATE_SWIFT_ASSET_SYMBOL_EXTENSIONS = YES;
				CLANG_ANALYZER_NONNULL = YES;
				CLANG_ANALYZER_NUMBER_OBJECT_CONVERSION = YES_AGGRESSIVE;
				CLANG_CXX_LANGUAGE_STANDARD = "gnu++20";
				CLANG_ENABLE_MODULES = YES;
				CLANG_ENABLE_OBJC_ARC = YES;
				CLANG_ENABLE_OBJC_WEAK = YES;
				CLANG_WARN_BLOCK_CAPTURE_AUTORELEASING = YES;
				CLANG_WARN_BOOL_CONVERSION = YES;
				CLANG_WARN_COMMA = YES;
				CLANG_WARN_CONSTANT_CONVERSION = YES;
				CLANG_WARN_DEPRECATED_OBJC_IMPLEMENTATIONS = YES;
				CLANG_WARN_DIRECT_OBJC_ISA_USAGE = YES_ERROR;
				CLANG_WARN_DOCUMENTATION_COMMENTS = YES;
				CLANG_WARN_EMPTY_BODY = YES;
				CLANG_WARN_ENUM_CONVERSION = YES;
				CLANG_WARN_INFINITE_RECURSION = YES;
				CLANG_WARN_INT_CONVERSION = YES;
				CLANG_WARN_NON_LITERAL_NULL_CONVERSION = YES;
				CLANG_WARN_OBJC_IMPLICIT_RETAIN_SELF = YES;
				CLANG_WARN_OBJC_LITERAL_CONVERSION = YES;
				CLANG_WARN_OBJC_ROOT_CLASS = YES_ERROR;
				CLANG_WARN_QUOTED_INCLUDE_IN_FRAMEWORK_HEADER = YES;
				CLANG_WARN_RANGE_LOOP_ANALYSIS = YES;
				CLANG_WARN_STRICT_PROTOTYPES = YES;
				CLANG_WARN_SUSPICIOUS_MOVE = YES;
				CLANG_WARN_UNGUARDED_AVAILABILITY = YES_AGGRESSIVE;
				CLANG_WARN_UNREACHABLE_CODE = YES;
				CLANG_WARN__DUPLICATE_METHOD_MATCH = YES;
				COPY_PHASE_STRIP = NO;
				DEBUG_INFORMATION_FORMAT = "dwarf-with-dsym";
				ENABLE_NS_ASSERTIONS = NO;
				ENABLE_STRICT_OBJC_MSGSEND = YES;
				ENABLE_USER_SCRIPT_SANDBOXING = YES;
				GCC_C_LANGUAGE_STANDARD = gnu17;
				GCC_NO_COMMON_BLOCKS = YES;
				GCC_WARN_64_TO_32_BIT_CONVERSION = YES;
				GCC_WARN_ABOUT_RETURN_TYPE = YES_ERROR;
				GCC_WARN_UNDECLARED_SELECTOR = YES;
				GCC_WARN_UNINITIALIZED_AUTOS = YES_AGGRESSIVE;
				GCC_WARN_UNUSED_FUNCTION = YES;
				GCC_WARN_UNUSED_VARIABLE = YES;
				IPHONEOS_DEPLOYMENT_TARGET = 18.5;
				LOCALIZATION_PREFERS_STRING_CATALOGS = YES;
				MTL_ENABLE_DEBUG_INFO = NO;
				MTL_FAST_MATH = YES;
				SDKROOT = iphoneos;
				SWIFT_COMPILATION_MODE = wholemodule;
				VALIDATE_PRODUCT = YES;
			};
			name = Release;
		};
		1D8FED212E5E7A7F005C4A70 /* Debug */ = {
			isa = XCBuildConfiguration;
			buildSettings = {
				BUNDLE_LOADER = "$(TEST_HOST)";
				CODE_SIGN_STYLE = Automatic;
				CURRENT_PROJECT_VERSION = 1;
				GENERATE_INFOPLIST_FILE = YES;
				IPHONEOS_DEPLOYMENT_TARGET = 18.5;
				MARKETING_VERSION = 1.0;
				PRODUCT_BUNDLE_IDENTIFIER = com.mustafaemirata.ViewControllerTests;
				PRODUCT_NAME = "$(TARGET_NAME)";
				SWIFT_EMIT_LOC_STRINGS = NO;
				SWIFT_VERSION = 5.0;
				TARGETED_DEVICE_FAMILY = "1,2";
				TEST_HOST = "$(BUILT_PRODUCTS_DIR)/ViewController.app/$(BUNDLE_EXECUTABLE_FOLDER_PATH)/ViewController";
			};
			name = Debug;
		};
		1D8FED222E5E7A7F005C4A70 /* Release */ = {
			isa = XCBuildConfiguration;
			buildSettings = {
				BUNDLE_LOADER = "$(TEST_HOST)";
				CODE_SIGN_STYLE = Automatic;
				CURRENT_PROJECT_VERSION = 1;
				GENERATE_INFOPLIST_FILE = YES;
				IPHONEOS_DEPLOYMENT_TARGET = 18.5;
				MARKETING_VERSION = 1.0;
				PRODUCT_BUNDLE_IDENTIFIER = com.mustafaemirata.ViewControllerTests;
				PRODUCT_NAME = "$(TARGET_NAME)";
				SWIFT_EMIT_LOC_STRINGS = NO;
				SWIFT_VERSION = 5.0;
				TARGETED_DEVICE_FAMILY = "1,2";
				TEST_HOST = "$(BUILT_PRODUCTS_DIR)/ViewController.app/$(BUNDLE_EXECUTABLE_FOLDER_PATH)/ViewController";
			};
			name = Release;
		};
		1D8FED242E5E7A7F005C4A70 /* Debug */ = {
			isa = XCBuildConfiguration;
			buildSettings = {
				CODE_SIGN_STYLE = Automatic;
				CURRENT_PROJECT_VERSION = 1;
				GENERATE_INFOPLIST_FILE = YES;
				MARKETING_VERSION = 1.0;
				PRODUCT_BUNDLE_IDENTIFIER = com.mustafaemirata.ViewControllerUITests;
				PRODUCT_NAME = "$(TARGET_NAME)";
				SWIFT_EMIT_LOC_STRINGS = NO;
				SWIFT_VERSION = 5.0;
				TARGETED_DEVICE_FAMILY = "1,2";
				TEST_TARGET_NAME = ViewController;
			};
			name = Debug;
		};
		1D8FED252E5E7A7F005C4A70 /* Release */ = {
			isa = XCBuildConfiguration;
			buildSettings = {
				CODE_SIGN_STYLE = Automatic;
				CURRENT_PROJECT_VERSION = 1;
				GENERATE_INFOPLIST_FILE = YES;
				MARKETING_VERSION = 1.0;
				PRODUCT_BUNDLE_IDENTIFIER = com.mustafaemirata.ViewControllerUITests;
				PRODUCT_NAME = "$(TARGET_NAME)";
				SWIFT_EMIT_LOC_STRINGS = NO;
				SWIFT_VERSION = 5.0;
				TARGETED_DEVICE_FAMILY = "1,2";
				TEST_TARGET_NAME = ViewController;
			};
			name = Release;
		};
/* End XCBuildConfiguration section */

/* Begin XCConfigurationList section */
		1D8FECED2E5E7A7E005C4A70 /* Build configuration list for PBXProject "ViewController" */ = {
			isa = XCConfigurationList;
			buildConfigurations = (
				1D8FED1E2E5E7A7F005C4A70 /* Debug */,
				1D8FED1F2E5E7A7F005C4A70 /* Release */,
			);
			defaultConfigurationIsVisible = 0;
			defaultConfigurationName = Release;
		};
		1D8FED1B2E5E7A7F005C4A70 /* Build configuration list for PBXNativeTarget "ViewController" */ = {
			isa = XCConfigurationList;
			buildConfigurations = (
				1D8FED1C2E5E7A7F005C4A70 /* Debug */,
				1D8FED1D2E5E7A7F005C4A70 /* Release */,
			);
			defaultConfigurationIsVisible = 0;
			defaultConfigurationName = Release;
		};
		1D8FED202E5E7A7F005C4A70 /* Build configuration list for PBXNativeTarget "ViewControllerTests" */ = {
			isa = XCConfigurationList;
			buildConfigurations = (
				1D8FED212E5E7A7F005C4A70 /* Debug */,
				1D8FED222E5E7A7F005C4A70 /* Release */,
			);
			defaultConfigurationIsVisible = 0;
			defaultConfigurationName = Release;
		};
		1D8FED232E5E7A7F005C4A70 /* Build configuration list for PBXNativeTarget "ViewControllerUITests" */ = {
			isa = XCConfigurationList;
			buildConfigurations = (
				1D8FED242E5E7A7F005C4A70 /* Debug */,
				1D8FED252E5E7A7F005C4A70 /* Release */,
			);
			defaultConfigurationIsVisible = 0;
			defaultConfigurationName = Release;
		};
/* End XCConfigurationList section */
	};
	rootObject = 1D8FECEA2E5E7A7E005C4A70 /* Project object */;
}
