// !$*UTF8*$!
{
	archiveVersion = 1;
	classes = {
	};
	objectVersion = 77;
	objects = {

/* Begin PBXContainerItemProxy section */
		1D29785B2E42C4C800AA3222 /* PBXContainerItemProxy */ = {
			isa = PBXContainerItemProxy;
			containerPortal = 1D29783C2E42C4C700AA3222 /* Project object */;
			proxyType = 1;
			remoteGlobalIDString = 1D2978432E42C4C700AA3222;
			remoteInfo = Uygulamailk;
		};
		1D2978652E42C4C800AA3222 /* PBXContainerItemProxy */ = {
			isa = PBXContainerItemProxy;
			containerPortal = 1D29783C2E42C4C700AA3222 /* Project object */;
			proxyType = 1;
			remoteGlobalIDString = 1D2978432E42C4C700AA3222;
			remoteInfo = Uygulamailk;
		};
/* End PBXContainerItemProxy section */

/* Begin PBXFileReference section */
		1D2978442E42C4C700AA3222 /* Uygulamailk.app */ = {isa = PBXFileReference; explicitFileType = wrapper.application; includeInIndex = 0; path = Uygulamailk.app; sourceTree = BUILT_PRODUCTS_DIR; };
		1D29785A2E42C4C800AA3222 /* UygulamailkTests.xctest */ = {isa = PBXFileReference; explicitFileType = wrapper.cfbundle; includeInIndex = 0; path = UygulamailkTests.xctest; sourceTree = BUILT_PRODUCTS_DIR; };
		1D2978642E42C4C800AA3222 /* UygulamailkUITests.xctest */ = {isa = PBXFileReference; explicitFileType = wrapper.cfbundle; includeInIndex = 0; path = UygulamailkUITests.xctest; sourceTree = BUILT_PRODUCTS_DIR; };
/* End PBXFileReference section */

/* Begin PBXFileSystemSynchronizedBuildFileExceptionSet section */
		1D29786C2E42C4C800AA3222 /* Exceptions for "Uygulamailk" folder in "Uygulamailk" target */ = {
			isa = PBXFileSystemSynchronizedBuildFileExceptionSet;
			membershipExceptions = (
				Info.plist,
			);
			target = 1D2978432E42C4C700AA3222 /* Uygulamailk */;
		};
/* End PBXFileSystemSynchronizedBuildFileExceptionSet section */

/* Begin PBXFileSystemSynchronizedRootGroup section */
		1D2978462E42C4C700AA3222 /* Uygulamailk */ = {
			isa = PBXFileSystemSynchronizedRootGroup;
			exceptions = (
				1D29786C2E42C4C800AA3222 /* Exceptions for "Uygulamailk" folder in "Uygulamailk" target */,
			);
			path = Uygulamailk;
			sourceTree = "<group>";
		};
		1D29785D2E42C4C800AA3222 /* UygulamailkTests */ = {
			isa = PBXFileSystemSynchronizedRootGroup;
			path = UygulamailkTests;
			sourceTree = "<group>";
		};
		1D2978672E42C4C800AA3222 /* UygulamailkUITests */ = {
			isa = PBXFileSystemSynchronizedRootGroup;
			path = UygulamailkUITests;
			sourceTree = "<group>";
		};
/* End PBXFileSystemSynchronizedRootGroup section */

/* Begin PBXFrameworksBuildPhase section */
		1D2978412E42C4C700AA3222 /* Frameworks */ = {
			isa = PBXFrameworksBuildPhase;
			buildActionMask = 2147483647;
			files = (
			);
			runOnlyForDeploymentPostprocessing = 0;
		};
		1D2978572E42C4C800AA3222 /* Frameworks */ = {
			isa = PBXFrameworksBuildPhase;
			buildActionMask = 2147483647;
			files = (
			);
			runOnlyForDeploymentPostprocessing = 0;
		};
		1D2978612E42C4C800AA3222 /* Frameworks */ = {
			isa = PBXFrameworksBuildPhase;
			buildActionMask = 2147483647;
			files = (
			);
			runOnlyForDeploymentPostprocessing = 0;
		};
/* End PBXFrameworksBuildPhase section */

/* Begin PBXGroup section */
		1D29783B2E42C4C700AA3222 = {
			isa = PBXGroup;
			children = (
				1D2978462E42C4C700AA3222 /* Uygulamailk */,
				1D29785D2E42C4C800AA3222 /* UygulamailkTests */,
				1D2978672E42C4C800AA3222 /* UygulamailkUITests */,
				1D2978452E42C4C700AA3222 /* Products */,
			);
			sourceTree = "<group>";
		};
		1D2978452E42C4C700AA3222 /* Products */ = {
			isa = PBXGroup;
			children = (
				1D2978442E42C4C700AA3222 /* Uygulamailk.app */,
				1D29785A2E42C4C800AA3222 /* UygulamailkTests.xctest */,
				1D2978642E42C4C800AA3222 /* UygulamailkUITests.xctest */,
			);
			name = Products;
			sourceTree = "<group>";
		};
/* End PBXGroup section */

/* Begin PBXNativeTarget section */
		1D2978432E42C4C700AA3222 /* Uygulamailk */ = {
			isa = PBXNativeTarget;
			buildConfigurationList = 1D29786D2E42C4C800AA3222 /* Build configuration list for PBXNativeTarget "Uygulamailk" */;
			buildPhases = (
				1D2978402E42C4C700AA3222 /* Sources */,
				1D2978412E42C4C700AA3222 /* Frameworks */,
				1D2978422E42C4C700AA3222 /* Resources */,
			);
			buildRules = (
			);
			dependencies = (
			);
			fileSystemSynchronizedGroups = (
				1D2978462E42C4C700AA3222 /* Uygulamailk */,
			);
			name = Uygulamailk;
			packageProductDependencies = (
			);
			productName = Uygulamailk;
			productReference = 1D2978442E42C4C700AA3222 /* Uygulamailk.app */;
			productType = "com.apple.product-type.application";
		};
		1D2978592E42C4C800AA3222 /* UygulamailkTests */ = {
			isa = PBXNativeTarget;
			buildConfigurationList = 1D2978722E42C4C800AA3222 /* Build configuration list for PBXNativeTarget "UygulamailkTests" */;
			buildPhases = (
				1D2978562E42C4C800AA3222 /* Sources */,
				1D2978572E42C4C800AA3222 /* Frameworks */,
				1D2978582E42C4C800AA3222 /* Resources */,
			);
			buildRules = (
			);
			dependencies = (
				1D29785C2E42C4C800AA3222 /* PBXTargetDependency */,
			);
			fileSystemSynchronizedGroups = (
				1D29785D2E42C4C800AA3222 /* UygulamailkTests */,
			);
			name = UygulamailkTests;
			packageProductDependencies = (
			);
			productName = UygulamailkTests;
			productReference = 1D29785A2E42C4C800AA3222 /* UygulamailkTests.xctest */;
			productType = "com.apple.product-type.bundle.unit-test";
		};
		1D2978632E42C4C800AA3222 /* UygulamailkUITests */ = {
			isa = PBXNativeTarget;
			buildConfigurationList = 1D2978752E42C4C800AA3222 /* Build configuration list for PBXNativeTarget "UygulamailkUITests" */;
			buildPhases = (
				1D2978602E42C4C800AA3222 /* Sources */,
				1D2978612E42C4C800AA3222 /* Frameworks */,
				1D2978622E42C4C800AA3222 /* Resources */,
			);
			buildRules = (
			);
			dependencies = (
				1D2978662E42C4C800AA3222 /* PBXTargetDependency */,
			);
			fileSystemSynchronizedGroups = (
				1D2978672E42C4C800AA3222 /* UygulamailkUITests */,
			);
			name = UygulamailkUITests;
			packageProductDependencies = (
			);
			productName = UygulamailkUITests;
			productReference = 1D2978642E42C4C800AA3222 /* UygulamailkUITests.xctest */;
			productType = "com.apple.product-type.bundle.ui-testing";
		};
/* End PBXNativeTarget section */

/* Begin PBXProject section */
		1D29783C2E42C4C700AA3222 /* Project object */ = {
			isa = PBXProject;
			attributes = {
				BuildIndependentTargetsInParallel = 1;
				LastSwiftUpdateCheck = 1640;
				LastUpgradeCheck = 1640;
				TargetAttributes = {
					1D2978432E42C4C700AA3222 = {
						CreatedOnToolsVersion = 16.4;
					};
					1D2978592E42C4C800AA3222 = {
						CreatedOnToolsVersion = 16.4;
						TestTargetID = 1D2978432E42C4C700AA3222;
					};
					1D2978632E42C4C800AA3222 = {
						CreatedOnToolsVersion = 16.4;
						TestTargetID = 1D2978432E42C4C700AA3222;
					};
				};
			};
			buildConfigurationList = 1D29783F2E42C4C700AA3222 /* Build configuration list for PBXProject "Uygulamailk" */;
			developmentRegion = en;
			hasScannedForEncodings = 0;
			knownRegions = (
				en,
				Base,
			);
			mainGroup = 1D29783B2E42C4C700AA3222;
			minimizedProjectReferenceProxies = 1;
			preferredProjectObjectVersion = 77;
			productRefGroup = 1D2978452E42C4C700AA3222 /* Products */;
			projectDirPath = "";
			projectRoot = "";
			targets = (
				1D2978432E42C4C700AA3222 /* Uygulamailk */,
				1D2978592E42C4C800AA3222 /* UygulamailkTests */,
				1D2978632E42C4C800AA3222 /* UygulamailkUITests */,
			);
		};
/* End PBXProject section */

/* Begin PBXResourcesBuildPhase section */
		1D2978422E42C4C700AA3222 /* Resources */ = {
			isa = PBXResourcesBuildPhase;
			buildActionMask = 2147483647;
			files = (
			);
			runOnlyForDeploymentPostprocessing = 0;
		};
		1D2978582E42C4C800AA3222 /* Resources */ = {
			isa = PBXResourcesBuildPhase;
			buildActionMask = 2147483647;
			files = (
			);
			runOnlyForDeploymentPostprocessing = 0;
		};
		1D2978622E42C4C800AA3222 /* Resources */ = {
			isa = PBXResourcesBuildPhase;
			buildActionMask = 2147483647;
			files = (
			);
			runOnlyForDeploymentPostprocessing = 0;
		};
/* End PBXResourcesBuildPhase section */

/* Begin PBXSourcesBuildPhase section */
		1D2978402E42C4C700AA3222 /* Sources */ = {
			isa = PBXSourcesBuildPhase;
			buildActionMask = 2147483647;
			files = (
			);
			runOnlyForDeploymentPostprocessing = 0;
		};
		1D2978562E42C4C800AA3222 /* Sources */ = {
			isa = PBXSourcesBuildPhase;
			buildActionMask = 2147483647;
			files = (
			);
			runOnlyForDeploymentPostprocessing = 0;
		};
		1D2978602E42C4C800AA3222 /* Sources */ = {
			isa = PBXSourcesBuildPhase;
			buildActionMask = 2147483647;
			files = (
			);
			runOnlyForDeploymentPostprocessing = 0;
		};
/* End PBXSourcesBuildPhase section */

/* Begin PBXTargetDependency section */
		1D29785C2E42C4C800AA3222 /* PBXTargetDependency */ = {
			isa = PBXTargetDependency;
			target = 1D2978432E42C4C700AA3222 /* Uygulamailk */;
			targetProxy = 1D29785B2E42C4C800AA3222 /* PBXContainerItemProxy */;
		};
		1D2978662E42C4C800AA3222 /* PBXTargetDependency */ = {
			isa = PBXTargetDependency;
			target = 1D2978432E42C4C700AA3222 /* Uygulamailk */;
			targetProxy = 1D2978652E42C4C800AA3222 /* PBXContainerItemProxy */;
		};
/* End PBXTargetDependency section */

/* Begin XCBuildConfiguration section */
		1D29786E2E42C4C800AA3222 /* Debug */ = {
			isa = XCBuildConfiguration;
			buildSettings = {
				ASSETCATALOG_COMPILER_APPICON_NAME = AppIcon;
				ASSETCATALOG_COMPILER_GLOBAL_ACCENT_COLOR_NAME = AccentColor;
				CODE_SIGN_STYLE = Automatic;
				CURRENT_PROJECT_VERSION = 1;
				DEVELOPMENT_TEAM = 92BJ37CMXV;
				GENERATE_INFOPLIST_FILE = YES;
				INFOPLIST_FILE = Uygulamailk/Info.plist;
				INFOPLIST_KEY_UIApplicationSupportsIndirectInputEvents = YES;
				INFOPLIST_KEY_UILaunchStoryboardName = LaunchScreen;
				INFOPLIST_KEY_UIMainStoryboardFile = Main;
				INFOPLIST_KEY_UISupportedInterfaceOrientations_iPad = "UIInterfaceOrientationPortrait UIInterfaceOrientationPortraitUpsideDown UIInterfaceOrientationLandscapeLeft UIInterfaceOrientationLandscapeRight";
				INFOPLIST_KEY_UISupportedInterfaceOrientations_iPhone = "UIInterfaceOrientationPortrait UIInterfaceOrientationLandscapeLeft UIInterfaceOrientationLandscapeRight";
				LD_RUNPATH_SEARCH_PATHS = (
					"$(inherited)",
					"@executable_path/Frameworks",
				);
				MARKETING_VERSION = 1.0;
				PRODUCT_BUNDLE_IDENTIFIER = com.mustafaemirata.Uygulamailk;
				PRODUCT_NAME = "$(TARGET_NAME)";
				SWIFT_EMIT_LOC_STRINGS = YES;
				SWIFT_VERSION = 5.0;
				TARGETED_DEVICE_FAMILY = "1,2";
			};
			name = Debug;
		};
		1D29786F2E42C4C800AA3222 /* Release */ = {
			isa = XCBuildConfiguration;
			buildSettings = {
				ASSETCATALOG_COMPILER_APPICON_NAME = AppIcon;
				ASSETCATALOG_COMPILER_GLOBAL_ACCENT_COLOR_NAME = AccentColor;
				CODE_SIGN_STYLE = Automatic;
				CURRENT_PROJECT_VERSION = 1;
				DEVELOPMENT_TEAM = 92BJ37CMXV;
				GENERATE_INFOPLIST_FILE = YES;
				INFOPLIST_FILE = Uygulamailk/Info.plist;
				INFOPLIST_KEY_UIApplicationSupportsIndirectInputEvents = YES;
				INFOPLIST_KEY_UILaunchStoryboardName = LaunchScreen;
				INFOPLIST_KEY_UIMainStoryboardFile = Main;
				INFOPLIST_KEY_UISupportedInterfaceOrientations_iPad = "UIInterfaceOrientationPortrait UIInterfaceOrientationPortraitUpsideDown UIInterfaceOrientationLandscapeLeft UIInterfaceOrientationLandscapeRight";
				INFOPLIST_KEY_UISupportedInterfaceOrientations_iPhone = "UIInterfaceOrientationPortrait UIInterfaceOrientationLandscapeLeft UIInterfaceOrientationLandscapeRight";
				LD_RUNPATH_SEARCH_PATHS = (
					"$(inherited)",
					"@executable_path/Frameworks",
				);
				MARKETING_VERSION = 1.0;
				PRODUCT_BUNDLE_IDENTIFIER = com.mustafaemirata.Uygulamailk;
				PRODUCT_NAME = "$(TARGET_NAME)";
				SWIFT_EMIT_LOC_STRINGS = YES;
				SWIFT_VERSION = 5.0;
				TARGETED_DEVICE_FAMILY = "1,2";
			};
			name = Release;
		};
		1D2978702E42C4C800AA3222 /* Debug */ = {
			isa = XCBuildConfiguration;
			buildSettings = {
				ALWAYS_SEARCH_USER_PATHS = NO;
				ASSETCATALOG_COMPILER_GENERATE_SWIFT_ASSET_SYMBOL_EXTENSIONS = YES;
				CLANG_ANALYZER_NONNULL = YES;
				CLANG_ANALYZER_NUMBER_OBJECT_CONVERSION = YES_AGGRESSIVE;
				CLANG_CXX_LANGUAGE_STANDARD = "gnu++20";
				CLANG_ENABLE_MODULES = YES;
				CLANG_ENABLE_OBJC_ARC = YES;
				CLANG_ENABLE_OBJC_WEAK = YES;
				CLANG_WARN_BLOCK_CAPTURE_AUTORELEASING = YES;
				CLANG_WARN_BOOL_CONVERSION = YES;
				CLANG_WARN_COMMA = YES;
				CLANG_WARN_CONSTANT_CONVERSION = YES;
				CLANG_WARN_DEPRECATED_OBJC_IMPLEMENTATIONS = YES;
				CLANG_WARN_DIRECT_OBJC_ISA_USAGE = YES_ERROR;
				CLANG_WARN_DOCUMENTATION_COMMENTS = YES;
				CLANG_WARN_EMPTY_BODY = YES;
				CLANG_WARN_ENUM_CONVERSION = YES;
				CLANG_WARN_INFINITE_RECURSION = YES;
				CLANG_WARN_INT_CONVERSION = YES;
				CLANG_WARN_NON_LITERAL_NULL_CONVERSION = YES;
				CLANG_WARN_OBJC_IMPLICIT_RETAIN_SELF = YES;
				CLANG_WARN_OBJC_LITERAL_CONVERSION = YES;
				CLANG_WARN_OBJC_ROOT_CLASS = YES_ERROR;
				CLANG_WARN_QUOTED_INCLUDE_IN_FRAMEWORK_HEADER = YES;
				CLANG_WARN_RANGE_LOOP_ANALYSIS = YES;
				CLANG_WARN_STRICT_PROTOTYPES = YES;
				CLANG_WARN_SUSPICIOUS_MOVE = YES;
				CLANG_WARN_UNGUARDED_AVAILABILITY = YES_AGGRESSIVE;
				CLANG_WARN_UNREACHABLE_CODE = YES;
				CLANG_WARN__DUPLICATE_METHOD_MATCH = YES;
				COPY_PHASE_STRIP = NO;
				DEBUG_INFORMATION_FORMAT = dwarf;
				DEVELOPMENT_TEAM = 92BJ37CMXV;
				ENABLE_STRICT_OBJC_MSGSEND = YES;
				ENABLE_TESTABILITY = YES;
				ENABLE_USER_SCRIPT_SANDBOXING = YES;
				GCC_C_LANGUAGE_STANDARD = gnu17;
				GCC_DYNAMIC_NO_PIC = NO;
				GCC_NO_COMMON_BLOCKS = YES;
				GCC_OPTIMIZATION_LEVEL = 0;
				GCC_PREPROCESSOR_DEFINITIONS = (
					"DEBUG=1",
					"$(inherited)",
				);
				GCC_WARN_64_TO_32_BIT_CONVERSION = YES;
				GCC_WARN_ABOUT_RETURN_TYPE = YES_ERROR;
				GCC_WARN_UNDECLARED_SELECTOR = YES;
				GCC_WARN_UNINITIALIZED_AUTOS = YES_AGGRESSIVE;
				GCC_WARN_UNUSED_FUNCTION = YES;
				GCC_WARN_UNUSED_VARIABLE = YES;
				IPHONEOS_DEPLOYMENT_TARGET = 18.5;
				LOCALIZATION_PREFERS_STRING_CATALOGS = YES;
				MTL_ENABLE_DEBUG_INFO = INCLUDE_SOURCE;
				MTL_FAST_MATH = YES;
				ONLY_ACTIVE_ARCH = YES;
				SDKROOT = iphoneos;
				SWIFT_ACTIVE_COMPILATION_CONDITIONS = "DEBUG $(inherited)";
				SWIFT_OPTIMIZATION_LEVEL = "-Onone";
			};
			name = Debug;
		};
		1D2978712E42C4C800AA3222 /* Release */ = {
			isa = XCBuildConfiguration;
			buildSettings = {
				ALWAYS_SEARCH_USER_PATHS = NO;
				ASSETCATALOG_COMPILER_GENERATE_SWIFT_ASSET_SYMBOL_EXTENSIONS = YES;
				CLANG_ANALYZER_NONNULL = YES;
				CLANG_ANALYZER_NUMBER_OBJECT_CONVERSION = YES_AGGRESSIVE;
				CLANG_CXX_LANGUAGE_STANDARD = "gnu++20";
				CLANG_ENABLE_MODULES = YES;
				CLANG_ENABLE_OBJC_ARC = YES;
				CLANG_ENABLE_OBJC_WEAK = YES;
				CLANG_WARN_BLOCK_CAPTURE_AUTORELEASING = YES;
				CLANG_WARN_BOOL_CONVERSION = YES;
				CLANG_WARN_COMMA = YES;
				CLANG_WARN_CONSTANT_CONVERSION = YES;
				CLANG_WARN_DEPRECATED_OBJC_IMPLEMENTATIONS = YES;
				CLANG_WARN_DIRECT_OBJC_ISA_USAGE = YES_ERROR;
				CLANG_WARN_DOCUMENTATION_COMMENTS = YES;
				CLANG_WARN_EMPTY_BODY = YES;
				CLANG_WARN_ENUM_CONVERSION = YES;
				CLANG_WARN_INFINITE_RECURSION = YES;
				CLANG_WARN_INT_CONVERSION = YES;
				CLANG_WARN_NON_LITERAL_NULL_CONVERSION = YES;
				CLANG_WARN_OBJC_IMPLICIT_RETAIN_SELF = YES;
				CLANG_WARN_OBJC_LITERAL_CONVERSION = YES;
				CLANG_WARN_OBJC_ROOT_CLASS = YES_ERROR;
				CLANG_WARN_QUOTED_INCLUDE_IN_FRAMEWORK_HEADER = YES;
				CLANG_WARN_RANGE_LOOP_ANALYSIS = YES;
				CLANG_WARN_STRICT_PROTOTYPES = YES;
				CLANG_WARN_SUSPICIOUS_MOVE = YES;
				CLANG_WARN_UNGUARDED_AVAILABILITY = YES_AGGRESSIVE;
				CLANG_WARN_UNREACHABLE_CODE = YES;
				CLANG_WARN__DUPLICATE_METHOD_MATCH = YES;
				COPY_PHASE_STRIP = NO;
				DEBUG_INFORMATION_FORMAT = "dwarf-with-dsym";
				DEVELOPMENT_TEAM = 92BJ37CMXV;
				ENABLE_NS_ASSERTIONS = NO;
				ENABLE_STRICT_OBJC_MSGSEND = YES;
				ENABLE_USER_SCRIPT_SANDBOXING = YES;
				GCC_C_LANGUAGE_STANDARD = gnu17;
				GCC_NO_COMMON_BLOCKS = YES;
				GCC_WARN_64_TO_32_BIT_CONVERSION = YES;
				GCC_WARN_ABOUT_RETURN_TYPE = YES_ERROR;
				GCC_WARN_UNDECLARED_SELECTOR = YES;
				GCC_WARN_UNINITIALIZED_AUTOS = YES_AGGRESSIVE;
				GCC_WARN_UNUSED_FUNCTION = YES;
				GCC_WARN_UNUSED_VARIABLE = YES;
				IPHONEOS_DEPLOYMENT_TARGET = 18.5;
				LOCALIZATION_PREFERS_STRING_CATALOGS = YES;
				MTL_ENABLE_DEBUG_INFO = NO;
				MTL_FAST_MATH = YES;
				SDKROOT = iphoneos;
				SWIFT_COMPILATION_MODE = wholemodule;
				VALIDATE_PRODUCT = YES;
			};
			name = Release;
		};
		1D2978732E42C4C800AA3222 /* Debug */ = {
			isa = XCBuildConfiguration;
			buildSettings = {
				BUNDLE_LOADER = "$(TEST_HOST)";
				CODE_SIGN_STYLE = Automatic;
				CURRENT_PROJECT_VERSION = 1;
				DEVELOPMENT_TEAM = 92BJ37CMXV;
				GENERATE_INFOPLIST_FILE = YES;
				IPHONEOS_DEPLOYMENT_TARGET = 18.5;
				MARKETING_VERSION = 1.0;
				PRODUCT_BUNDLE_IDENTIFIER = com.mustafaemirata.UygulamailkTests;
				PRODUCT_NAME = "$(TARGET_NAME)";
				SWIFT_EMIT_LOC_STRINGS = NO;
				SWIFT_VERSION = 5.0;
				TARGETED_DEVICE_FAMILY = "1,2";
				TEST_HOST = "$(BUILT_PRODUCTS_DIR)/Uygulamailk.app/$(BUNDLE_EXECUTABLE_FOLDER_PATH)/Uygulamailk";
			};
			name = Debug;
		};
		1D2978742E42C4C800AA3222 /* Release */ = {
			isa = XCBuildConfiguration;
			buildSettings = {
				BUNDLE_LOADER = "$(TEST_HOST)";
				CODE_SIGN_STYLE = Automatic;
				CURRENT_PROJECT_VERSION = 1;
				DEVELOPMENT_TEAM = 92BJ37CMXV;
				GENERATE_INFOPLIST_FILE = YES;
				IPHONEOS_DEPLOYMENT_TARGET = 18.5;
				MARKETING_VERSION = 1.0;
				PRODUCT_BUNDLE_IDENTIFIER = com.mustafaemirata.UygulamailkTests;
				PRODUCT_NAME = "$(TARGET_NAME)";
				SWIFT_EMIT_LOC_STRINGS = NO;
				SWIFT_VERSION = 5.0;
				TARGETED_DEVICE_FAMILY = "1,2";
				TEST_HOST = "$(BUILT_PRODUCTS_DIR)/Uygulamailk.app/$(BUNDLE_EXECUTABLE_FOLDER_PATH)/Uygulamailk";
			};
			name = Release;
		};
		1D2978762E42C4C800AA3222 /* Debug */ = {
			isa = XCBuildConfiguration;
			buildSettings = {
				CODE_SIGN_STYLE = Automatic;
				CURRENT_PROJECT_VERSION = 1;
				DEVELOPMENT_TEAM = 92BJ37CMXV;
				GENERATE_INFOPLIST_FILE = YES;
				MARKETING_VERSION = 1.0;
				PRODUCT_BUNDLE_IDENTIFIER = com.mustafaemirata.UygulamailkUITests;
				PRODUCT_NAME = "$(TARGET_NAME)";
				SWIFT_EMIT_LOC_STRINGS = NO;
				SWIFT_VERSION = 5.0;
				TARGETED_DEVICE_FAMILY = "1,2";
				TEST_TARGET_NAME = Uygulamailk;
			};
			name = Debug;
		};
		1D2978772E42C4C800AA3222 /* Release */ = {
			isa = XCBuildConfiguration;
			buildSettings = {
				CODE_SIGN_STYLE = Automatic;
				CURRENT_PROJECT_VERSION = 1;
				DEVELOPMENT_TEAM = 92BJ37CMXV;
				GENERATE_INFOPLIST_FILE = YES;
				MARKETING_VERSION = 1.0;
				PRODUCT_BUNDLE_IDENTIFIER = com.mustafaemirata.UygulamailkUITests;
				PRODUCT_NAME = "$(TARGET_NAME)";
				SWIFT_EMIT_LOC_STRINGS = NO;
				SWIFT_VERSION = 5.0;
				TARGETED_DEVICE_FAMILY = "1,2";
				TEST_TARGET_NAME = Uygulamailk;
			};
			name = Release;
		};
/* End XCBuildConfiguration section */

/* Begin XCConfigurationList section */
		1D29783F2E42C4C700AA3222 /* Build configuration list for PBXProject "Uygulamailk" */ = {
			isa = XCConfigurationList;
			buildConfigurations = (
				1D2978702E42C4C800AA3222 /* Debug */,
				1D2978712E42C4C800AA3222 /* Release */,
			);
			defaultConfigurationIsVisible = 0;
			defaultConfigurationName = Release;
		};
		1D29786D2E42C4C800AA3222 /* Build configuration list for PBXNativeTarget "Uygulamailk" */ = {
			isa = XCConfigurationList;
			buildConfigurations = (
				1D29786E2E42C4C800AA3222 /* Debug */,
				1D29786F2E42C4C800AA3222 /* Release */,
			);
			defaultConfigurationIsVisible = 0;
			defaultConfigurationName = Release;
		};
		1D2978722E42C4C800AA3222 /* Build configuration list for PBXNativeTarget "UygulamailkTests" */ = {
			isa = XCConfigurationList;
			buildConfigurations = (
				1D2978732E42C4C800AA3222 /* Debug */,
				1D2978742E42C4C800AA3222 /* Release */,
			);
			defaultConfigurationIsVisible = 0;
			defaultConfigurationName = Release;
		};
		1D2978752E42C4C800AA3222 /* Build configuration list for PBXNativeTarget "UygulamailkUITests" */ = {
			isa = XCConfigurationList;
			buildConfigurations = (
				1D2978762E42C4C800AA3222 /* Debug */,
				1D2978772E42C4C800AA3222 /* Release */,
			);
			defaultConfigurationIsVisible = 0;
			defaultConfigurationName = Release;
		};
/* End XCConfigurationList section */
	};
	rootObject = 1D29783C2E42C4C700AA3222 /* Project object */;
}
