// !$*UTF8*$!
{
	archiveVersion = 1;
	classes = {
	};
	objectVersion = 77;
	objects = {

/* Begin PBXContainerItemProxy section */
		1D4E1F372E9137C6008C5025 /* PBXContainerItemProxy */ = {
			isa = PBXContainerItemProxy;
			containerPortal = 1D4E1F182E9137C5008C5025 /* Project object */;
			proxyType = 1;
			remoteGlobalIDString = 1D4E1F1F2E9137C5008C5025;
			remoteInfo = UyariMesajlari;
		};
		1D4E1F412E9137C6008C5025 /* PBXContainerItemProxy */ = {
			isa = PBXContainerItemProxy;
			containerPortal = 1D4E1F182E9137C5008C5025 /* Project object */;
			proxyType = 1;
			remoteGlobalIDString = 1D4E1F1F2E9137C5008C5025;
			remoteInfo = UyariMesajlari;
		};
/* End PBXContainerItemProxy section */

/* Begin PBXFileReference section */
		1D4E1F202E9137C5008C5025 /* UyariMesajlari.app */ = {isa = PBXFileReference; explicitFileType = wrapper.application; includeInIndex = 0; path = UyariMesajlari.app; sourceTree = BUILT_PRODUCTS_DIR; };
		1D4E1F362E9137C6008C5025 /* UyariMesajlariTests.xctest */ = {isa = PBXFileReference; explicitFileType = wrapper.cfbundle; includeInIndex = 0; path = UyariMesajlariTests.xctest; sourceTree = BUILT_PRODUCTS_DIR; };
		1D4E1F402E9137C6008C5025 /* UyariMesajlariUITests.xctest */ = {isa = PBXFileReference; explicitFileType = wrapper.cfbundle; includeInIndex = 0; path = UyariMesajlariUITests.xctest; sourceTree = BUILT_PRODUCTS_DIR; };
/* End PBXFileReference section */

/* Begin PBXFileSystemSynchronizedBuildFileExceptionSet section */
		1D4E1F482E9137C6008C5025 /* Exceptions for "UyariMesajlari" folder in "UyariMesajlari" target */ = {
			isa = PBXFileSystemSynchronizedBuildFileExceptionSet;
			membershipExceptions = (
				Info.plist,
			);
			target = 1D4E1F1F2E9137C5008C5025 /* UyariMesajlari */;
		};
/* End PBXFileSystemSynchronizedBuildFileExceptionSet section */

/* Begin PBXFileSystemSynchronizedRootGroup section */
		1D4E1F222E9137C5008C5025 /* UyariMesajlari */ = {
			isa = PBXFileSystemSynchronizedRootGroup;
			exceptions = (
				1D4E1F482E9137C6008C5025 /* Exceptions for "UyariMesajlari" folder in "UyariMesajlari" target */,
			);
			path = UyariMesajlari;
			sourceTree = "<group>";
		};
		1D4E1F392E9137C6008C5025 /* UyariMesajlariTests */ = {
			isa = PBXFileSystemSynchronizedRootGroup;
			path = UyariMesajlariTests;
			sourceTree = "<group>";
		};
		1D4E1F432E9137C6008C5025 /* UyariMesajlariUITests */ = {
			isa = PBXFileSystemSynchronizedRootGroup;
			path = UyariMesajlariUITests;
			sourceTree = "<group>";
		};
/* End PBXFileSystemSynchronizedRootGroup section */

/* Begin PBXFrameworksBuildPhase section */
		1D4E1F1D2E9137C5008C5025 /* Frameworks */ = {
			isa = PBXFrameworksBuildPhase;
			buildActionMask = 2147483647;
			files = (
			);
			runOnlyForDeploymentPostprocessing = 0;
		};
		1D4E1F332E9137C6008C5025 /* Frameworks */ = {
			isa = PBXFrameworksBuildPhase;
			buildActionMask = 2147483647;
			files = (
			);
			runOnlyForDeploymentPostprocessing = 0;
		};
		1D4E1F3D2E9137C6008C5025 /* Frameworks */ = {
			isa = PBXFrameworksBuildPhase;
			buildActionMask = 2147483647;
			files = (
			);
			runOnlyForDeploymentPostprocessing = 0;
		};
/* End PBXFrameworksBuildPhase section */

/* Begin PBXGroup section */
		1D4E1F172E9137C5008C5025 = {
			isa = PBXGroup;
			children = (
				1D4E1F222E9137C5008C5025 /* UyariMesajlari */,
				1D4E1F392E9137C6008C5025 /* UyariMesajlariTests */,
				1D4E1F432E9137C6008C5025 /* UyariMesajlariUITests */,
				1D4E1F212E9137C5008C5025 /* Products */,
			);
			sourceTree = "<group>";
		};
		1D4E1F212E9137C5008C5025 /* Products */ = {
			isa = PBXGroup;
			children = (
				1D4E1F202E9137C5008C5025 /* UyariMesajlari.app */,
				1D4E1F362E9137C6008C5025 /* UyariMesajlariTests.xctest */,
				1D4E1F402E9137C6008C5025 /* UyariMesajlariUITests.xctest */,
			);
			name = Products;
			sourceTree = "<group>";
		};
/* End PBXGroup section */

/* Begin PBXNativeTarget section */
		1D4E1F1F2E9137C5008C5025 /* UyariMesajlari */ = {
			isa = PBXNativeTarget;
			buildConfigurationList = 1D4E1F492E9137C6008C5025 /* Build configuration list for PBXNativeTarget "UyariMesajlari" */;
			buildPhases = (
				1D4E1F1C2E9137C5008C5025 /* Sources */,
				1D4E1F1D2E9137C5008C5025 /* Frameworks */,
				1D4E1F1E2E9137C5008C5025 /* Resources */,
			);
			buildRules = (
			);
			dependencies = (
			);
			fileSystemSynchronizedGroups = (
				1D4E1F222E9137C5008C5025 /* UyariMesajlari */,
			);
			name = UyariMesajlari;
			packageProductDependencies = (
			);
			productName = UyariMesajlari;
			productReference = 1D4E1F202E9137C5008C5025 /* UyariMesajlari.app */;
			productType = "com.apple.product-type.application";
		};
		1D4E1F352E9137C6008C5025 /* UyariMesajlariTests */ = {
			isa = PBXNativeTarget;
			buildConfigurationList = 1D4E1F4E2E9137C6008C5025 /* Build configuration list for PBXNativeTarget "UyariMesajlariTests" */;
			buildPhases = (
				1D4E1F322E9137C6008C5025 /* Sources */,
				1D4E1F332E9137C6008C5025 /* Frameworks */,
				1D4E1F342E9137C6008C5025 /* Resources */,
			);
			buildRules = (
			);
			dependencies = (
				1D4E1F382E9137C6008C5025 /* PBXTargetDependency */,
			);
			fileSystemSynchronizedGroups = (
				1D4E1F392E9137C6008C5025 /* UyariMesajlariTests */,
			);
			name = UyariMesajlariTests;
			packageProductDependencies = (
			);
			productName = UyariMesajlariTests;
			productReference = 1D4E1F362E9137C6008C5025 /* UyariMesajlariTests.xctest */;
			productType = "com.apple.product-type.bundle.unit-test";
		};
		1D4E1F3F2E9137C6008C5025 /* UyariMesajlariUITests */ = {
			isa = PBXNativeTarget;
			buildConfigurationList = 1D4E1F512E9137C6008C5025 /* Build configuration list for PBXNativeTarget "UyariMesajlariUITests" */;
			buildPhases = (
				1D4E1F3C2E9137C6008C5025 /* Sources */,
				1D4E1F3D2E9137C6008C5025 /* Frameworks */,
				1D4E1F3E2E9137C6008C5025 /* Resources */,
			);
			buildRules = (
			);
			dependencies = (
				1D4E1F422E9137C6008C5025 /* PBXTargetDependency */,
			);
			fileSystemSynchronizedGroups = (
				1D4E1F432E9137C6008C5025 /* UyariMesajlariUITests */,
			);
			name = UyariMesajlariUITests;
			packageProductDependencies = (
			);
			productName = UyariMesajlariUITests;
			productReference = 1D4E1F402E9137C6008C5025 /* UyariMesajlariUITests.xctest */;
			productType = "com.apple.product-type.bundle.ui-testing";
		};
/* End PBXNativeTarget section */

/* Begin PBXProject section */
		1D4E1F182E9137C5008C5025 /* Project object */ = {
			isa = PBXProject;
			attributes = {
				BuildIndependentTargetsInParallel = 1;
				LastSwiftUpdateCheck = 1640;
				LastUpgradeCheck = 1640;
				TargetAttributes = {
					1D4E1F1F2E9137C5008C5025 = {
						CreatedOnToolsVersion = 16.4;
					};
					1D4E1F352E9137C6008C5025 = {
						CreatedOnToolsVersion = 16.4;
						TestTargetID = 1D4E1F1F2E9137C5008C5025;
					};
					1D4E1F3F2E9137C6008C5025 = {
						CreatedOnToolsVersion = 16.4;
						TestTargetID = 1D4E1F1F2E9137C5008C5025;
					};
				};
			};
			buildConfigurationList = 1D4E1F1B2E9137C5008C5025 /* Build configuration list for PBXProject "UyariMesajlari" */;
			developmentRegion = en;
			hasScannedForEncodings = 0;
			knownRegions = (
				en,
				Base,
			);
			mainGroup = 1D4E1F172E9137C5008C5025;
			minimizedProjectReferenceProxies = 1;
			preferredProjectObjectVersion = 77;
			productRefGroup = 1D4E1F212E9137C5008C5025 /* Products */;
			projectDirPath = "";
			projectRoot = "";
			targets = (
				1D4E1F1F2E9137C5008C5025 /* UyariMesajlari */,
				1D4E1F352E9137C6008C5025 /* UyariMesajlariTests */,
				1D4E1F3F2E9137C6008C5025 /* UyariMesajlariUITests */,
			);
		};
/* End PBXProject section */

/* Begin PBXResourcesBuildPhase section */
		1D4E1F1E2E9137C5008C5025 /* Resources */ = {
			isa = PBXResourcesBuildPhase;
			buildActionMask = 2147483647;
			files = (
			);
			runOnlyForDeploymentPostprocessing = 0;
		};
		1D4E1F342E9137C6008C5025 /* Resources */ = {
			isa = PBXResourcesBuildPhase;
			buildActionMask = 2147483647;
			files = (
			);
			runOnlyForDeploymentPostprocessing = 0;
		};
		1D4E1F3E2E9137C6008C5025 /* Resources */ = {
			isa = PBXResourcesBuildPhase;
			buildActionMask = 2147483647;
			files = (
			);
			runOnlyForDeploymentPostprocessing = 0;
		};
/* End PBXResourcesBuildPhase section */

/* Begin PBXSourcesBuildPhase section */
		1D4E1F1C2E9137C5008C5025 /* Sources */ = {
			isa = PBXSourcesBuildPhase;
			buildActionMask = 2147483647;
			files = (
			);
			runOnlyForDeploymentPostprocessing = 0;
		};
		1D4E1F322E9137C6008C5025 /* Sources */ = {
			isa = PBXSourcesBuildPhase;
			buildActionMask = 2147483647;
			files = (
			);
			runOnlyForDeploymentPostprocessing = 0;
		};
		1D4E1F3C2E9137C6008C5025 /* Sources */ = {
			isa = PBXSourcesBuildPhase;
			buildActionMask = 2147483647;
			files = (
			);
			runOnlyForDeploymentPostprocessing = 0;
		};
/* End PBXSourcesBuildPhase section */

/* Begin PBXTargetDependency section */
		1D4E1F382E9137C6008C5025 /* PBXTargetDependency */ = {
			isa = PBXTargetDependency;
			target = 1D4E1F1F2E9137C5008C5025 /* UyariMesajlari */;
			targetProxy = 1D4E1F372E9137C6008C5025 /* PBXContainerItemProxy */;
		};
		1D4E1F422E9137C6008C5025 /* PBXTargetDependency */ = {
			isa = PBXTargetDependency;
			target = 1D4E1F1F2E9137C5008C5025 /* UyariMesajlari */;
			targetProxy = 1D4E1F412E9137C6008C5025 /* PBXContainerItemProxy */;
		};
/* End PBXTargetDependency section */

/* Begin XCBuildConfiguration section */
		1D4E1F4A2E9137C6008C5025 /* Debug */ = {
			isa = XCBuildConfiguration;
			buildSettings = {
				ASSETCATALOG_COMPILER_APPICON_NAME = AppIcon;
				ASSETCATALOG_COMPILER_GLOBAL_ACCENT_COLOR_NAME = AccentColor;
				CODE_SIGN_STYLE = Automatic;
				CURRENT_PROJECT_VERSION = 1;
				DEVELOPMENT_TEAM = 92BJ37CMXV;
				GENERATE_INFOPLIST_FILE = YES;
				INFOPLIST_FILE = UyariMesajlari/Info.plist;
				INFOPLIST_KEY_UIApplicationSupportsIndirectInputEvents = YES;
				INFOPLIST_KEY_UILaunchStoryboardName = LaunchScreen;
				INFOPLIST_KEY_UIMainStoryboardFile = Main;
				INFOPLIST_KEY_UISupportedInterfaceOrientations_iPad = "UIInterfaceOrientationPortrait UIInterfaceOrientationPortraitUpsideDown UIInterfaceOrientationLandscapeLeft UIInterfaceOrientationLandscapeRight";
				INFOPLIST_KEY_UISupportedInterfaceOrientations_iPhone = "UIInterfaceOrientationPortrait UIInterfaceOrientationLandscapeLeft UIInterfaceOrientationLandscapeRight";
				LD_RUNPATH_SEARCH_PATHS = (
					"$(inherited)",
					"@executable_path/Frameworks",
				);
				MARKETING_VERSION = 1.0;
				PRODUCT_BUNDLE_IDENTIFIER = com.mustafaemirata.UyariMesajlari;
				PRODUCT_NAME = "$(TARGET_NAME)";
				SWIFT_EMIT_LOC_STRINGS = YES;
				SWIFT_VERSION = 5.0;
				TARGETED_DEVICE_FAMILY = "1,2";
			};
			name = Debug;
		};
		1D4E1F4B2E9137C6008C5025 /* Release */ = {
			isa = XCBuildConfiguration;
			buildSettings = {
				ASSETCATALOG_COMPILER_APPICON_NAME = AppIcon;
				ASSETCATALOG_COMPILER_GLOBAL_ACCENT_COLOR_NAME = AccentColor;
				CODE_SIGN_STYLE = Automatic;
				CURRENT_PROJECT_VERSION = 1;
				DEVELOPMENT_TEAM = 92BJ37CMXV;
				GENERATE_INFOPLIST_FILE = YES;
				INFOPLIST_FILE = UyariMesajlari/Info.plist;
				INFOPLIST_KEY_UIApplicationSupportsIndirectInputEvents = YES;
				INFOPLIST_KEY_UILaunchStoryboardName = LaunchScreen;
				INFOPLIST_KEY_UIMainStoryboardFile = Main;
				INFOPLIST_KEY_UISupportedInterfaceOrientations_iPad = "UIInterfaceOrientationPortrait UIInterfaceOrientationPortraitUpsideDown UIInterfaceOrientationLandscapeLeft UIInterfaceOrientationLandscapeRight";
				INFOPLIST_KEY_UISupportedInterfaceOrientations_iPhone = "UIInterfaceOrientationPortrait UIInterfaceOrientationLandscapeLeft UIInterfaceOrientationLandscapeRight";
				LD_RUNPATH_SEARCH_PATHS = (
					"$(inherited)",
					"@executable_path/Frameworks",
				);
				MARKETING_VERSION = 1.0;
				PRODUCT_BUNDLE_IDENTIFIER = com.mustafaemirata.UyariMesajlari;
				PRODUCT_NAME = "$(TARGET_NAME)";
				SWIFT_EMIT_LOC_STRINGS = YES;
				SWIFT_VERSION = 5.0;
				TARGETED_DEVICE_FAMILY = "1,2";
			};
			name = Release;
		};
		1D4E1F4C2E9137C6008C5025 /* Debug */ = {
			isa = XCBuildConfiguration;
			buildSettings = {
				ALWAYS_SEARCH_USER_PATHS = NO;
				ASSETCATALOG_COMPILER_GENERATE_SWIFT_ASSET_SYMBOL_EXTENSIONS = YES;
				CLANG_ANALYZER_NONNULL = YES;
				CLANG_ANALYZER_NUMBER_OBJECT_CONVERSION = YES_AGGRESSIVE;
				CLANG_CXX_LANGUAGE_STANDARD = "gnu++20";
				CLANG_ENABLE_MODULES = YES;
				CLANG_ENABLE_OBJC_ARC = YES;
				CLANG_ENABLE_OBJC_WEAK = YES;
				CLANG_WARN_BLOCK_CAPTURE_AUTORELEASING = YES;
				CLANG_WARN_BOOL_CONVERSION = YES;
				CLANG_WARN_COMMA = YES;
				CLANG_WARN_CONSTANT_CONVERSION = YES;
				CLANG_WARN_DEPRECATED_OBJC_IMPLEMENTATIONS = YES;
				CLANG_WARN_DIRECT_OBJC_ISA_USAGE = YES_ERROR;
				CLANG_WARN_DOCUMENTATION_COMMENTS = YES;
				CLANG_WARN_EMPTY_BODY = YES;
				CLANG_WARN_ENUM_CONVERSION = YES;
				CLANG_WARN_INFINITE_RECURSION = YES;
				CLANG_WARN_INT_CONVERSION = YES;
				CLANG_WARN_NON_LITERAL_NULL_CONVERSION = YES;
				CLANG_WARN_OBJC_IMPLICIT_RETAIN_SELF = YES;
				CLANG_WARN_OBJC_LITERAL_CONVERSION = YES;
				CLANG_WARN_OBJC_ROOT_CLASS = YES_ERROR;
				CLANG_WARN_QUOTED_INCLUDE_IN_FRAMEWORK_HEADER = YES;
				CLANG_WARN_RANGE_LOOP_ANALYSIS = YES;
				CLANG_WARN_STRICT_PROTOTYPES = YES;
				CLANG_WARN_SUSPICIOUS_MOVE = YES;
				CLANG_WARN_UNGUARDED_AVAILABILITY = YES_AGGRESSIVE;
				CLANG_WARN_UNREACHABLE_CODE = YES;
				CLANG_WARN__DUPLICATE_METHOD_MATCH = YES;
				COPY_PHASE_STRIP = NO;
				DEBUG_INFORMATION_FORMAT = dwarf;
				DEVELOPMENT_TEAM = 92BJ37CMXV;
				ENABLE_STRICT_OBJC_MSGSEND = YES;
				ENABLE_TESTABILITY = YES;
				ENABLE_USER_SCRIPT_SANDBOXING = YES;
				GCC_C_LANGUAGE_STANDARD = gnu17;
				GCC_DYNAMIC_NO_PIC = NO;
				GCC_NO_COMMON_BLOCKS = YES;
				GCC_OPTIMIZATION_LEVEL = 0;
				GCC_PREPROCESSOR_DEFINITIONS = (
					"DEBUG=1",
					"$(inherited)",
				);
				GCC_WARN_64_TO_32_BIT_CONVERSION = YES;
				GCC_WARN_ABOUT_RETURN_TYPE = YES_ERROR;
				GCC_WARN_UNDECLARED_SELECTOR = YES;
				GCC_WARN_UNINITIALIZED_AUTOS = YES_AGGRESSIVE;
				GCC_WARN_UNUSED_FUNCTION = YES;
				GCC_WARN_UNUSED_VARIABLE = YES;
				IPHONEOS_DEPLOYMENT_TARGET = 18.5;
				LOCALIZATION_PREFERS_STRING_CATALOGS = YES;
				MTL_ENABLE_DEBUG_INFO = INCLUDE_SOURCE;
				MTL_FAST_MATH = YES;
				ONLY_ACTIVE_ARCH = YES;
				SDKROOT = iphoneos;
				SWIFT_ACTIVE_COMPILATION_CONDITIONS = "DEBUG $(inherited)";
				SWIFT_OPTIMIZATION_LEVEL = "-Onone";
			};
			name = Debug;
		};
		1D4E1F4D2E9137C6008C5025 /* Release */ = {
			isa = XCBuildConfiguration;
			buildSettings = {
				ALWAYS_SEARCH_USER_PATHS = NO;
				ASSETCATALOG_COMPILER_GENERATE_SWIFT_ASSET_SYMBOL_EXTENSIONS = YES;
				CLANG_ANALYZER_NONNULL = YES;
				CLANG_ANALYZER_NUMBER_OBJECT_CONVERSION = YES_AGGRESSIVE;
				CLANG_CXX_LANGUAGE_STANDARD = "gnu++20";
				CLANG_ENABLE_MODULES = YES;
				CLANG_ENABLE_OBJC_ARC = YES;
				CLANG_ENABLE_OBJC_WEAK = YES;
				CLANG_WARN_BLOCK_CAPTURE_AUTORELEASING = YES;
				CLANG_WARN_BOOL_CONVERSION = YES;
				CLANG_WARN_COMMA = YES;
				CLANG_WARN_CONSTANT_CONVERSION = YES;
				CLANG_WARN_DEPRECATED_OBJC_IMPLEMENTATIONS = YES;
				CLANG_WARN_DIRECT_OBJC_ISA_USAGE = YES_ERROR;
				CLANG_WARN_DOCUMENTATION_COMMENTS = YES;
				CLANG_WARN_EMPTY_BODY = YES;
				CLANG_WARN_ENUM_CONVERSION = YES;
				CLANG_WARN_INFINITE_RECURSION = YES;
				CLANG_WARN_INT_CONVERSION = YES;
				CLANG_WARN_NON_LITERAL_NULL_CONVERSION = YES;
				CLANG_WARN_OBJC_IMPLICIT_RETAIN_SELF = YES;
				CLANG_WARN_OBJC_LITERAL_CONVERSION = YES;
				CLANG_WARN_OBJC_ROOT_CLASS = YES_ERROR;
				CLANG_WARN_QUOTED_INCLUDE_IN_FRAMEWORK_HEADER = YES;
				CLANG_WARN_RANGE_LOOP_ANALYSIS = YES;
				CLANG_WARN_STRICT_PROTOTYPES = YES;
				CLANG_WARN_SUSPICIOUS_MOVE = YES;
				CLANG_WARN_UNGUARDED_AVAILABILITY = YES_AGGRESSIVE;
				CLANG_WARN_UNREACHABLE_CODE = YES;
				CLANG_WARN__DUPLICATE_METHOD_MATCH = YES;
				COPY_PHASE_STRIP = NO;
				DEBUG_INFORMATION_FORMAT = "dwarf-with-dsym";
				DEVELOPMENT_TEAM = 92BJ37CMXV;
				ENABLE_NS_ASSERTIONS = NO;
				ENABLE_STRICT_OBJC_MSGSEND = YES;
				ENABLE_USER_SCRIPT_SANDBOXING = YES;
				GCC_C_LANGUAGE_STANDARD = gnu17;
				GCC_NO_COMMON_BLOCKS = YES;
				GCC_WARN_64_TO_32_BIT_CONVERSION = YES;
				GCC_WARN_ABOUT_RETURN_TYPE = YES_ERROR;
				GCC_WARN_UNDECLARED_SELECTOR = YES;
				GCC_WARN_UNINITIALIZED_AUTOS = YES_AGGRESSIVE;
				GCC_WARN_UNUSED_FUNCTION = YES;
				GCC_WARN_UNUSED_VARIABLE = YES;
				IPHONEOS_DEPLOYMENT_TARGET = 18.5;
				LOCALIZATION_PREFERS_STRING_CATALOGS = YES;
				MTL_ENABLE_DEBUG_INFO = NO;
				MTL_FAST_MATH = YES;
				SDKROOT = iphoneos;
				SWIFT_COMPILATION_MODE = wholemodule;
				VALIDATE_PRODUCT = YES;
			};
			name = Release;
		};
		1D4E1F4F2E9137C6008C5025 /* Debug */ = {
			isa = XCBuildConfiguration;
			buildSettings = {
				BUNDLE_LOADER = "$(TEST_HOST)";
				CODE_SIGN_STYLE = Automatic;
				CURRENT_PROJECT_VERSION = 1;
				DEVELOPMENT_TEAM = 92BJ37CMXV;
				GENERATE_INFOPLIST_FILE = YES;
				IPHONEOS_DEPLOYMENT_TARGET = 18.5;
				MARKETING_VERSION = 1.0;
				PRODUCT_BUNDLE_IDENTIFIER = com.mustafaemirata.UyariMesajlariTests;
				PRODUCT_NAME = "$(TARGET_NAME)";
				SWIFT_EMIT_LOC_STRINGS = NO;
				SWIFT_VERSION = 5.0;
				TARGETED_DEVICE_FAMILY = "1,2";
				TEST_HOST = "$(BUILT_PRODUCTS_DIR)/UyariMesajlari.app/$(BUNDLE_EXECUTABLE_FOLDER_PATH)/UyariMesajlari";
			};
			name = Debug;
		};
		1D4E1F502E9137C6008C5025 /* Release */ = {
			isa = XCBuildConfiguration;
			buildSettings = {
				BUNDLE_LOADER = "$(TEST_HOST)";
				CODE_SIGN_STYLE = Automatic;
				CURRENT_PROJECT_VERSION = 1;
				DEVELOPMENT_TEAM = 92BJ37CMXV;
				GENERATE_INFOPLIST_FILE = YES;
				IPHONEOS_DEPLOYMENT_TARGET = 18.5;
				MARKETING_VERSION = 1.0;
				PRODUCT_BUNDLE_IDENTIFIER = com.mustafaemirata.UyariMesajlariTests;
				PRODUCT_NAME = "$(TARGET_NAME)";
				SWIFT_EMIT_LOC_STRINGS = NO;
				SWIFT_VERSION = 5.0;
				TARGETED_DEVICE_FAMILY = "1,2";
				TEST_HOST = "$(BUILT_PRODUCTS_DIR)/UyariMesajlari.app/$(BUNDLE_EXECUTABLE_FOLDER_PATH)/UyariMesajlari";
			};
			name = Release;
		};
		1D4E1F522E9137C6008C5025 /* Debug */ = {
			isa = XCBuildConfiguration;
			buildSettings = {
				CODE_SIGN_STYLE = Automatic;
				CURRENT_PROJECT_VERSION = 1;
				DEVELOPMENT_TEAM = 92BJ37CMXV;
				GENERATE_INFOPLIST_FILE = YES;
				MARKETING_VERSION = 1.0;
				PRODUCT_BUNDLE_IDENTIFIER = com.mustafaemirata.UyariMesajlariUITests;
				PRODUCT_NAME = "$(TARGET_NAME)";
				SWIFT_EMIT_LOC_STRINGS = NO;
				SWIFT_VERSION = 5.0;
				TARGETED_DEVICE_FAMILY = "1,2";
				TEST_TARGET_NAME = UyariMesajlari;
			};
			name = Debug;
		};
		1D4E1F532E9137C6008C5025 /* Release */ = {
			isa = XCBuildConfiguration;
			buildSettings = {
				CODE_SIGN_STYLE = Automatic;
				CURRENT_PROJECT_VERSION = 1;
				DEVELOPMENT_TEAM = 92BJ37CMXV;
				GENERATE_INFOPLIST_FILE = YES;
				MARKETING_VERSION = 1.0;
				PRODUCT_BUNDLE_IDENTIFIER = com.mustafaemirata.UyariMesajlariUITests;
				PRODUCT_NAME = "$(TARGET_NAME)";
				SWIFT_EMIT_LOC_STRINGS = NO;
				SWIFT_VERSION = 5.0;
				TARGETED_DEVICE_FAMILY = "1,2";
				TEST_TARGET_NAME = UyariMesajlari;
			};
			name = Release;
		};
/* End XCBuildConfiguration section */

/* Begin XCConfigurationList section */
		1D4E1F1B2E9137C5008C5025 /* Build configuration list for PBXProject "UyariMesajlari" */ = {
			isa = XCConfigurationList;
			buildConfigurations = (
				1D4E1F4C2E9137C6008C5025 /* Debug */,
				1D4E1F4D2E9137C6008C5025 /* Release */,
			);
			defaultConfigurationIsVisible = 0;
			defaultConfigurationName = Release;
		};
		1D4E1F492E9137C6008C5025 /* Build configuration list for PBXNativeTarget "UyariMesajlari" */ = {
			isa = XCConfigurationList;
			buildConfigurations = (
				1D4E1F4A2E9137C6008C5025 /* Debug */,
				1D4E1F4B2E9137C6008C5025 /* Release */,
			);
			defaultConfigurationIsVisible = 0;
			defaultConfigurationName = Release;
		};
		1D4E1F4E2E9137C6008C5025 /* Build configuration list for PBXNativeTarget "UyariMesajlariTests" */ = {
			isa = XCConfigurationList;
			buildConfigurations = (
				1D4E1F4F2E9137C6008C5025 /* Debug */,
				1D4E1F502E9137C6008C5025 /* Release */,
			);
			defaultConfigurationIsVisible = 0;
			defaultConfigurationName = Release;
		};
		1D4E1F512E9137C6008C5025 /* Build configuration list for PBXNativeTarget "UyariMesajlariUITests" */ = {
			isa = XCConfigurationList;
			buildConfigurations = (
				1D4E1F522E9137C6008C5025 /* Debug */,
				1D4E1F532E9137C6008C5025 /* Release */,
			);
			defaultConfigurationIsVisible = 0;
			defaultConfigurationName = Release;
		};
/* End XCConfigurationList section */
	};
	rootObject = 1D4E1F182E9137C5008C5025 /* Project object */;
}
