// !$*UTF8*$!
{
	archiveVersion = 1;
	classes = {
	};
	objectVersion = 77;
	objects = {

/* Begin PBXContainerItemProxy section */
		1D9BB1952E928E530056FCAB /* PBXContainerItemProxy */ = {
			isa = PBXContainerItemProxy;
			containerPortal = 1D9BB1762E928E510056FCAB /* Project object */;
			proxyType = 1;
			remoteGlobalIDString = 1D9BB17D2E928E510056FCAB;
			remoteInfo = Sayaclar;
		};
		1D9BB19F2E928E530056FCAB /* PBXContainerItemProxy */ = {
			isa = PBXContainerItemProxy;
			containerPortal = 1D9BB1762E928E510056FCAB /* Project object */;
			proxyType = 1;
			remoteGlobalIDString = 1D9BB17D2E928E510056FCAB;
			remoteInfo = Sayaclar;
		};
/* End PBXContainerItemProxy section */

/* Begin PBXFileReference section */
		1D9BB17E2E928E510056FCAB /* Sayaclar.app */ = {isa = PBXFileReference; explicitFileType = wrapper.application; includeInIndex = 0; path = Sayaclar.app; sourceTree = BUILT_PRODUCTS_DIR; };
		1D9BB1942E928E530056FCAB /* SayaclarTests.xctest */ = {isa = PBXFileReference; explicitFileType = wrapper.cfbundle; includeInIndex = 0; path = SayaclarTests.xctest; sourceTree = BUILT_PRODUCTS_DIR; };
		1D9BB19E2E928E530056FCAB /* SayaclarUITests.xctest */ = {isa = PBXFileReference; explicitFileType = wrapper.cfbundle; includeInIndex = 0; path = SayaclarUITests.xctest; sourceTree = BUILT_PRODUCTS_DIR; };
/* End PBXFileReference section */

/* Begin PBXFileSystemSynchronizedBuildFileExceptionSet section */
		1D9BB1A62E928E530056FCAB /* Exceptions for "Sayaclar" folder in "Sayaclar" target */ = {
			isa = PBXFileSystemSynchronizedBuildFileExceptionSet;
			membershipExceptions = (
				Info.plist,
			);
			target = 1D9BB17D2E928E510056FCAB /* Sayaclar */;
		};
/* End PBXFileSystemSynchronizedBuildFileExceptionSet section */

/* Begin PBXFileSystemSynchronizedRootGroup section */
		1D9BB1802E928E510056FCAB /* Sayaclar */ = {
			isa = PBXFileSystemSynchronizedRootGroup;
			exceptions = (
				1D9BB1A62E928E530056FCAB /* Exceptions for "Sayaclar" folder in "Sayaclar" target */,
			);
			path = Sayaclar;
			sourceTree = "<group>";
		};
		1D9BB1972E928E530056FCAB /* SayaclarTests */ = {
			isa = PBXFileSystemSynchronizedRootGroup;
			path = SayaclarTests;
			sourceTree = "<group>";
		};
		1D9BB1A12E928E530056FCAB /* SayaclarUITests */ = {
			isa = PBXFileSystemSynchronizedRootGroup;
			path = SayaclarUITests;
			sourceTree = "<group>";
		};
/* End PBXFileSystemSynchronizedRootGroup section */

/* Begin PBXFrameworksBuildPhase section */
		1D9BB17B2E928E510056FCAB /* Frameworks */ = {
			isa = PBXFrameworksBuildPhase;
			buildActionMask = 2147483647;
			files = (
			);
			runOnlyForDeploymentPostprocessing = 0;
		};
		1D9BB1912E928E530056FCAB /* Frameworks */ = {
			isa = PBXFrameworksBuildPhase;
			buildActionMask = 2147483647;
			files = (
			);
			runOnlyForDeploymentPostprocessing = 0;
		};
		1D9BB19B2E928E530056FCAB /* Frameworks */ = {
			isa = PBXFrameworksBuildPhase;
			buildActionMask = 2147483647;
			files = (
			);
			runOnlyForDeploymentPostprocessing = 0;
		};
/* End PBXFrameworksBuildPhase section */

/* Begin PBXGroup section */
		1D9BB1752E928E510056FCAB = {
			isa = PBXGroup;
			children = (
				1D9BB1802E928E510056FCAB /* Sayaclar */,
				1D9BB1972E928E530056FCAB /* SayaclarTests */,
				1D9BB1A12E928E530056FCAB /* SayaclarUITests */,
				1D9BB17F2E928E510056FCAB /* Products */,
			);
			sourceTree = "<group>";
		};
		1D9BB17F2E928E510056FCAB /* Products */ = {
			isa = PBXGroup;
			children = (
				1D9BB17E2E928E510056FCAB /* Sayaclar.app */,
				1D9BB1942E928E530056FCAB /* SayaclarTests.xctest */,
				1D9BB19E2E928E530056FCAB /* SayaclarUITests.xctest */,
			);
			name = Products;
			sourceTree = "<group>";
		};
/* End PBXGroup section */

/* Begin PBXNativeTarget section */
		1D9BB17D2E928E510056FCAB /* Sayaclar */ = {
			isa = PBXNativeTarget;
			buildConfigurationList = 1D9BB1A72E928E530056FCAB /* Build configuration list for PBXNativeTarget "Sayaclar" */;
			buildPhases = (
				1D9BB17A2E928E510056FCAB /* Sources */,
				1D9BB17B2E928E510056FCAB /* Frameworks */,
				1D9BB17C2E928E510056FCAB /* Resources */,
			);
			buildRules = (
			);
			dependencies = (
			);
			fileSystemSynchronizedGroups = (
				1D9BB1802E928E510056FCAB /* Sayaclar */,
			);
			name = Sayaclar;
			packageProductDependencies = (
			);
			productName = Sayaclar;
			productReference = 1D9BB17E2E928E510056FCAB /* Sayaclar.app */;
			productType = "com.apple.product-type.application";
		};
		1D9BB1932E928E530056FCAB /* SayaclarTests */ = {
			isa = PBXNativeTarget;
			buildConfigurationList = 1D9BB1AC2E928E530056FCAB /* Build configuration list for PBXNativeTarget "SayaclarTests" */;
			buildPhases = (
				1D9BB1902E928E530056FCAB /* Sources */,
				1D9BB1912E928E530056FCAB /* Frameworks */,
				1D9BB1922E928E530056FCAB /* Resources */,
			);
			buildRules = (
			);
			dependencies = (
				1D9BB1962E928E530056FCAB /* PBXTargetDependency */,
			);
			fileSystemSynchronizedGroups = (
				1D9BB1972E928E530056FCAB /* SayaclarTests */,
			);
			name = SayaclarTests;
			packageProductDependencies = (
			);
			productName = SayaclarTests;
			productReference = 1D9BB1942E928E530056FCAB /* SayaclarTests.xctest */;
			productType = "com.apple.product-type.bundle.unit-test";
		};
		1D9BB19D2E928E530056FCAB /* SayaclarUITests */ = {
			isa = PBXNativeTarget;
			buildConfigurationList = 1D9BB1AF2E928E530056FCAB /* Build configuration list for PBXNativeTarget "SayaclarUITests" */;
			buildPhases = (
				1D9BB19A2E928E530056FCAB /* Sources */,
				1D9BB19B2E928E530056FCAB /* Frameworks */,
				1D9BB19C2E928E530056FCAB /* Resources */,
			);
			buildRules = (
			);
			dependencies = (
				1D9BB1A02E928E530056FCAB /* PBXTargetDependency */,
			);
			fileSystemSynchronizedGroups = (
				1D9BB1A12E928E530056FCAB /* SayaclarUITests */,
			);
			name = SayaclarUITests;
			packageProductDependencies = (
			);
			productName = SayaclarUITests;
			productReference = 1D9BB19E2E928E530056FCAB /* SayaclarUITests.xctest */;
			productType = "com.apple.product-type.bundle.ui-testing";
		};
/* End PBXNativeTarget section */

/* Begin PBXProject section */
		1D9BB1762E928E510056FCAB /* Project object */ = {
			isa = PBXProject;
			attributes = {
				BuildIndependentTargetsInParallel = 1;
				LastSwiftUpdateCheck = 1640;
				LastUpgradeCheck = 1640;
				TargetAttributes = {
					1D9BB17D2E928E510056FCAB = {
						CreatedOnToolsVersion = 16.4;
					};
					1D9BB1932E928E530056FCAB = {
						CreatedOnToolsVersion = 16.4;
						TestTargetID = 1D9BB17D2E928E510056FCAB;
					};
					1D9BB19D2E928E530056FCAB = {
						CreatedOnToolsVersion = 16.4;
						TestTargetID = 1D9BB17D2E928E510056FCAB;
					};
				};
			};
			buildConfigurationList = 1D9BB1792E928E510056FCAB /* Build configuration list for PBXProject "Sayaclar" */;
			developmentRegion = en;
			hasScannedForEncodings = 0;
			knownRegions = (
				en,
				Base,
			);
			mainGroup = 1D9BB1752E928E510056FCAB;
			minimizedProjectReferenceProxies = 1;
			preferredProjectObjectVersion = 77;
			productRefGroup = 1D9BB17F2E928E510056FCAB /* Products */;
			projectDirPath = "";
			projectRoot = "";
			targets = (
				1D9BB17D2E928E510056FCAB /* Sayaclar */,
				1D9BB1932E928E530056FCAB /* SayaclarTests */,
				1D9BB19D2E928E530056FCAB /* SayaclarUITests */,
			);
		};
/* End PBXProject section */

/* Begin PBXResourcesBuildPhase section */
		1D9BB17C2E928E510056FCAB /* Resources */ = {
			isa = PBXResourcesBuildPhase;
			buildActionMask = 2147483647;
			files = (
			);
			runOnlyForDeploymentPostprocessing = 0;
		};
		1D9BB1922E928E530056FCAB /* Resources */ = {
			isa = PBXResourcesBuildPhase;
			buildActionMask = 2147483647;
			files = (
			);
			runOnlyForDeploymentPostprocessing = 0;
		};
		1D9BB19C2E928E530056FCAB /* Resources */ = {
			isa = PBXResourcesBuildPhase;
			buildActionMask = 2147483647;
			files = (
			);
			runOnlyForDeploymentPostprocessing = 0;
		};
/* End PBXResourcesBuildPhase section */

/* Begin PBXSourcesBuildPhase section */
		1D9BB17A2E928E510056FCAB /* Sources */ = {
			isa = PBXSourcesBuildPhase;
			buildActionMask = 2147483647;
			files = (
			);
			runOnlyForDeploymentPostprocessing = 0;
		};
		1D9BB1902E928E530056FCAB /* Sources */ = {
			isa = PBXSourcesBuildPhase;
			buildActionMask = 2147483647;
			files = (
			);
			runOnlyForDeploymentPostprocessing = 0;
		};
		1D9BB19A2E928E530056FCAB /* Sources */ = {
			isa = PBXSourcesBuildPhase;
			buildActionMask = 2147483647;
			files = (
			);
			runOnlyForDeploymentPostprocessing = 0;
		};
/* End PBXSourcesBuildPhase section */

/* Begin PBXTargetDependency section */
		1D9BB1962E928E530056FCAB /* PBXTargetDependency */ = {
			isa = PBXTargetDependency;
			target = 1D9BB17D2E928E510056FCAB /* Sayaclar */;
			targetProxy = 1D9BB1952E928E530056FCAB /* PBXContainerItemProxy */;
		};
		1D9BB1A02E928E530056FCAB /* PBXTargetDependency */ = {
			isa = PBXTargetDependency;
			target = 1D9BB17D2E928E510056FCAB /* Sayaclar */;
			targetProxy = 1D9BB19F2E928E530056FCAB /* PBXContainerItemProxy */;
		};
/* End PBXTargetDependency section */

/* Begin XCBuildConfiguration section */
		1D9BB1A82E928E530056FCAB /* Debug */ = {
			isa = XCBuildConfiguration;
			buildSettings = {
				ASSETCATALOG_COMPILER_APPICON_NAME = AppIcon;
				ASSETCATALOG_COMPILER_GLOBAL_ACCENT_COLOR_NAME = AccentColor;
				CODE_SIGN_STYLE = Automatic;
				CURRENT_PROJECT_VERSION = 1;
				DEVELOPMENT_TEAM = 92BJ37CMXV;
				GENERATE_INFOPLIST_FILE = YES;
				INFOPLIST_FILE = Sayaclar/Info.plist;
				INFOPLIST_KEY_UIApplicationSupportsIndirectInputEvents = YES;
				INFOPLIST_KEY_UILaunchStoryboardName = LaunchScreen;
				INFOPLIST_KEY_UIMainStoryboardFile = Main;
				INFOPLIST_KEY_UISupportedInterfaceOrientations_iPad = "UIInterfaceOrientationPortrait UIInterfaceOrientationPortraitUpsideDown UIInterfaceOrientationLandscapeLeft UIInterfaceOrientationLandscapeRight";
				INFOPLIST_KEY_UISupportedInterfaceOrientations_iPhone = "UIInterfaceOrientationPortrait UIInterfaceOrientationLandscapeLeft UIInterfaceOrientationLandscapeRight";
				LD_RUNPATH_SEARCH_PATHS = (
					"$(inherited)",
					"@executable_path/Frameworks",
				);
				MARKETING_VERSION = 1.0;
				PRODUCT_BUNDLE_IDENTIFIER = com.mustafaemirata.Sayaclar;
				PRODUCT_NAME = "$(TARGET_NAME)";
				SWIFT_EMIT_LOC_STRINGS = YES;
				SWIFT_VERSION = 5.0;
				TARGETED_DEVICE_FAMILY = "1,2";
			};
			name = Debug;
		};
		1D9BB1A92E928E530056FCAB /* Release */ = {
			isa = XCBuildConfiguration;
			buildSettings = {
				ASSETCATALOG_COMPILER_APPICON_NAME = AppIcon;
				ASSETCATALOG_COMPILER_GLOBAL_ACCENT_COLOR_NAME = AccentColor;
				CODE_SIGN_STYLE = Automatic;
				CURRENT_PROJECT_VERSION = 1;
				DEVELOPMENT_TEAM = 92BJ37CMXV;
				GENERATE_INFOPLIST_FILE = YES;
				INFOPLIST_FILE = Sayaclar/Info.plist;
				INFOPLIST_KEY_UIApplicationSupportsIndirectInputEvents = YES;
				INFOPLIST_KEY_UILaunchStoryboardName = LaunchScreen;
				INFOPLIST_KEY_UIMainStoryboardFile = Main;
				INFOPLIST_KEY_UISupportedInterfaceOrientations_iPad = "UIInterfaceOrientationPortrait UIInterfaceOrientationPortraitUpsideDown UIInterfaceOrientationLandscapeLeft UIInterfaceOrientationLandscapeRight";
				INFOPLIST_KEY_UISupportedInterfaceOrientations_iPhone = "UIInterfaceOrientationPortrait UIInterfaceOrientationLandscapeLeft UIInterfaceOrientationLandscapeRight";
				LD_RUNPATH_SEARCH_PATHS = (
					"$(inherited)",
					"@executable_path/Frameworks",
				);
				MARKETING_VERSION = 1.0;
				PRODUCT_BUNDLE_IDENTIFIER = com.mustafaemirata.Sayaclar;
				PRODUCT_NAME = "$(TARGET_NAME)";
				SWIFT_EMIT_LOC_STRINGS = YES;
				SWIFT_VERSION = 5.0;
				TARGETED_DEVICE_FAMILY = "1,2";
			};
			name = Release;
		};
		1D9BB1AA2E928E530056FCAB /* Debug */ = {
			isa = XCBuildConfiguration;
			buildSettings = {
				ALWAYS_SEARCH_USER_PATHS = NO;
				ASSETCATALOG_COMPILER_GENERATE_SWIFT_ASSET_SYMBOL_EXTENSIONS = YES;
				CLANG_ANALYZER_NONNULL = YES;
				CLANG_ANALYZER_NUMBER_OBJECT_CONVERSION = YES_AGGRESSIVE;
				CLANG_CXX_LANGUAGE_STANDARD = "gnu++20";
				CLANG_ENABLE_MODULES = YES;
				CLANG_ENABLE_OBJC_ARC = YES;
				CLANG_ENABLE_OBJC_WEAK = YES;
				CLANG_WARN_BLOCK_CAPTURE_AUTORELEASING = YES;
				CLANG_WARN_BOOL_CONVERSION = YES;
				CLANG_WARN_COMMA = YES;
				CLANG_WARN_CONSTANT_CONVERSION = YES;
				CLANG_WARN_DEPRECATED_OBJC_IMPLEMENTATIONS = YES;
				CLANG_WARN_DIRECT_OBJC_ISA_USAGE = YES_ERROR;
				CLANG_WARN_DOCUMENTATION_COMMENTS = YES;
				CLANG_WARN_EMPTY_BODY = YES;
				CLANG_WARN_ENUM_CONVERSION = YES;
				CLANG_WARN_INFINITE_RECURSION = YES;
				CLANG_WARN_INT_CONVERSION = YES;
				CLANG_WARN_NON_LITERAL_NULL_CONVERSION = YES;
				CLANG_WARN_OBJC_IMPLICIT_RETAIN_SELF = YES;
				CLANG_WARN_OBJC_LITERAL_CONVERSION = YES;
				CLANG_WARN_OBJC_ROOT_CLASS = YES_ERROR;
				CLANG_WARN_QUOTED_INCLUDE_IN_FRAMEWORK_HEADER = YES;
				CLANG_WARN_RANGE_LOOP_ANALYSIS = YES;
				CLANG_WARN_STRICT_PROTOTYPES = YES;
				CLANG_WARN_SUSPICIOUS_MOVE = YES;
				CLANG_WARN_UNGUARDED_AVAILABILITY = YES_AGGRESSIVE;
				CLANG_WARN_UNREACHABLE_CODE = YES;
				CLANG_WARN__DUPLICATE_METHOD_MATCH = YES;
				COPY_PHASE_STRIP = NO;
				DEBUG_INFORMATION_FORMAT = dwarf;
				DEVELOPMENT_TEAM = 92BJ37CMXV;
				ENABLE_STRICT_OBJC_MSGSEND = YES;
				ENABLE_TESTABILITY = YES;
				ENABLE_USER_SCRIPT_SANDBOXING = YES;
				GCC_C_LANGUAGE_STANDARD = gnu17;
				GCC_DYNAMIC_NO_PIC = NO;
				GCC_NO_COMMON_BLOCKS = YES;
				GCC_OPTIMIZATION_LEVEL = 0;
				GCC_PREPROCESSOR_DEFINITIONS = (
					"DEBUG=1",
					"$(inherited)",
				);
				GCC_WARN_64_TO_32_BIT_CONVERSION = YES;
				GCC_WARN_ABOUT_RETURN_TYPE = YES_ERROR;
				GCC_WARN_UNDECLARED_SELECTOR = YES;
				GCC_WARN_UNINITIALIZED_AUTOS = YES_AGGRESSIVE;
				GCC_WARN_UNUSED_FUNCTION = YES;
				GCC_WARN_UNUSED_VARIABLE = YES;
				IPHONEOS_DEPLOYMENT_TARGET = 18.5;
				LOCALIZATION_PREFERS_STRING_CATALOGS = YES;
				MTL_ENABLE_DEBUG_INFO = INCLUDE_SOURCE;
				MTL_FAST_MATH = YES;
				ONLY_ACTIVE_ARCH = YES;
				SDKROOT = iphoneos;
				SWIFT_ACTIVE_COMPILATION_CONDITIONS = "DEBUG $(inherited)";
				SWIFT_OPTIMIZATION_LEVEL = "-Onone";
			};
			name = Debug;
		};
		1D9BB1AB2E928E530056FCAB /* Release */ = {
			isa = XCBuildConfiguration;
			buildSettings = {
				ALWAYS_SEARCH_USER_PATHS = NO;
				ASSETCATALOG_COMPILER_GENERATE_SWIFT_ASSET_SYMBOL_EXTENSIONS = YES;
				CLANG_ANALYZER_NONNULL = YES;
				CLANG_ANALYZER_NUMBER_OBJECT_CONVERSION = YES_AGGRESSIVE;
				CLANG_CXX_LANGUAGE_STANDARD = "gnu++20";
				CLANG_ENABLE_MODULES = YES;
				CLANG_ENABLE_OBJC_ARC = YES;
				CLANG_ENABLE_OBJC_WEAK = YES;
				CLANG_WARN_BLOCK_CAPTURE_AUTORELEASING = YES;
				CLANG_WARN_BOOL_CONVERSION = YES;
				CLANG_WARN_COMMA = YES;
				CLANG_WARN_CONSTANT_CONVERSION = YES;
				CLANG_WARN_DEPRECATED_OBJC_IMPLEMENTATIONS = YES;
				CLANG_WARN_DIRECT_OBJC_ISA_USAGE = YES_ERROR;
				CLANG_WARN_DOCUMENTATION_COMMENTS = YES;
				CLANG_WARN_EMPTY_BODY = YES;
				CLANG_WARN_ENUM_CONVERSION = YES;
				CLANG_WARN_INFINITE_RECURSION = YES;
				CLANG_WARN_INT_CONVERSION = YES;
				CLANG_WARN_NON_LITERAL_NULL_CONVERSION = YES;
				CLANG_WARN_OBJC_IMPLICIT_RETAIN_SELF = YES;
				CLANG_WARN_OBJC_LITERAL_CONVERSION = YES;
				CLANG_WARN_OBJC_ROOT_CLASS = YES_ERROR;
				CLANG_WARN_QUOTED_INCLUDE_IN_FRAMEWORK_HEADER = YES;
				CLANG_WARN_RANGE_LOOP_ANALYSIS = YES;
				CLANG_WARN_STRICT_PROTOTYPES = YES;
				CLANG_WARN_SUSPICIOUS_MOVE = YES;
				CLANG_WARN_UNGUARDED_AVAILABILITY = YES_AGGRESSIVE;
				CLANG_WARN_UNREACHABLE_CODE = YES;
				CLANG_WARN__DUPLICATE_METHOD_MATCH = YES;
				COPY_PHASE_STRIP = NO;
				DEBUG_INFORMATION_FORMAT = "dwarf-with-dsym";
				DEVELOPMENT_TEAM = 92BJ37CMXV;
				ENABLE_NS_ASSERTIONS = NO;
				ENABLE_STRICT_OBJC_MSGSEND = YES;
				ENABLE_USER_SCRIPT_SANDBOXING = YES;
				GCC_C_LANGUAGE_STANDARD = gnu17;
				GCC_NO_COMMON_BLOCKS = YES;
				GCC_WARN_64_TO_32_BIT_CONVERSION = YES;
				GCC_WARN_ABOUT_RETURN_TYPE = YES_ERROR;
				GCC_WARN_UNDECLARED_SELECTOR = YES;
				GCC_WARN_UNINITIALIZED_AUTOS = YES_AGGRESSIVE;
				GCC_WARN_UNUSED_FUNCTION = YES;
				GCC_WARN_UNUSED_VARIABLE = YES;
				IPHONEOS_DEPLOYMENT_TARGET = 18.5;
				LOCALIZATION_PREFERS_STRING_CATALOGS = YES;
				MTL_ENABLE_DEBUG_INFO = NO;
				MTL_FAST_MATH = YES;
				SDKROOT = iphoneos;
				SWIFT_COMPILATION_MODE = wholemodule;
				VALIDATE_PRODUCT = YES;
			};
			name = Release;
		};
		1D9BB1AD2E928E530056FCAB /* Debug */ = {
			isa = XCBuildConfiguration;
			buildSettings = {
				BUNDLE_LOADER = "$(TEST_HOST)";
				CODE_SIGN_STYLE = Automatic;
				CURRENT_PROJECT_VERSION = 1;
				DEVELOPMENT_TEAM = 92BJ37CMXV;
				GENERATE_INFOPLIST_FILE = YES;
				IPHONEOS_DEPLOYMENT_TARGET = 18.5;
				MARKETING_VERSION = 1.0;
				PRODUCT_BUNDLE_IDENTIFIER = com.mustafaemirata.SayaclarTests;
				PRODUCT_NAME = "$(TARGET_NAME)";
				SWIFT_EMIT_LOC_STRINGS = NO;
				SWIFT_VERSION = 5.0;
				TARGETED_DEVICE_FAMILY = "1,2";
				TEST_HOST = "$(BUILT_PRODUCTS_DIR)/Sayaclar.app/$(BUNDLE_EXECUTABLE_FOLDER_PATH)/Sayaclar";
			};
			name = Debug;
		};
		1D9BB1AE2E928E530056FCAB /* Release */ = {
			isa = XCBuildConfiguration;
			buildSettings = {
				BUNDLE_LOADER = "$(TEST_HOST)";
				CODE_SIGN_STYLE = Automatic;
				CURRENT_PROJECT_VERSION = 1;
				DEVELOPMENT_TEAM = 92BJ37CMXV;
				GENERATE_INFOPLIST_FILE = YES;
				IPHONEOS_DEPLOYMENT_TARGET = 18.5;
				MARKETING_VERSION = 1.0;
				PRODUCT_BUNDLE_IDENTIFIER = com.mustafaemirata.SayaclarTests;
				PRODUCT_NAME = "$(TARGET_NAME)";
				SWIFT_EMIT_LOC_STRINGS = NO;
				SWIFT_VERSION = 5.0;
				TARGETED_DEVICE_FAMILY = "1,2";
				TEST_HOST = "$(BUILT_PRODUCTS_DIR)/Sayaclar.app/$(BUNDLE_EXECUTABLE_FOLDER_PATH)/Sayaclar";
			};
			name = Release;
		};
		1D9BB1B02E928E530056FCAB /* Debug */ = {
			isa = XCBuildConfiguration;
			buildSettings = {
				CODE_SIGN_STYLE = Automatic;
				CURRENT_PROJECT_VERSION = 1;
				DEVELOPMENT_TEAM = 92BJ37CMXV;
				GENERATE_INFOPLIST_FILE = YES;
				MARKETING_VERSION = 1.0;
				PRODUCT_BUNDLE_IDENTIFIER = com.mustafaemirata.SayaclarUITests;
				PRODUCT_NAME = "$(TARGET_NAME)";
				SWIFT_EMIT_LOC_STRINGS = NO;
				SWIFT_VERSION = 5.0;
				TARGETED_DEVICE_FAMILY = "1,2";
				TEST_TARGET_NAME = Sayaclar;
			};
			name = Debug;
		};
		1D9BB1B12E928E530056FCAB /* Release */ = {
			isa = XCBuildConfiguration;
			buildSettings = {
				CODE_SIGN_STYLE = Automatic;
				CURRENT_PROJECT_VERSION = 1;
				DEVELOPMENT_TEAM = 92BJ37CMXV;
				GENERATE_INFOPLIST_FILE = YES;
				MARKETING_VERSION = 1.0;
				PRODUCT_BUNDLE_IDENTIFIER = com.mustafaemirata.SayaclarUITests;
				PRODUCT_NAME = "$(TARGET_NAME)";
				SWIFT_EMIT_LOC_STRINGS = NO;
				SWIFT_VERSION = 5.0;
				TARGETED_DEVICE_FAMILY = "1,2";
				TEST_TARGET_NAME = Sayaclar;
			};
			name = Release;
		};
/* End XCBuildConfiguration section */

/* Begin XCConfigurationList section */
		1D9BB1792E928E510056FCAB /* Build configuration list for PBXProject "Sayaclar" */ = {
			isa = XCConfigurationList;
			buildConfigurations = (
				1D9BB1AA2E928E530056FCAB /* Debug */,
				1D9BB1AB2E928E530056FCAB /* Release */,
			);
			defaultConfigurationIsVisible = 0;
			defaultConfigurationName = Release;
		};
		1D9BB1A72E928E530056FCAB /* Build configuration list for PBXNativeTarget "Sayaclar" */ = {
			isa = XCConfigurationList;
			buildConfigurations = (
				1D9BB1A82E928E530056FCAB /* Debug */,
				1D9BB1A92E928E530056FCAB /* Release */,
			);
			defaultConfigurationIsVisible = 0;
			defaultConfigurationName = Release;
		};
		1D9BB1AC2E928E530056FCAB /* Build configuration list for PBXNativeTarget "SayaclarTests" */ = {
			isa = XCConfigurationList;
			buildConfigurations = (
				1D9BB1AD2E928E530056FCAB /* Debug */,
				1D9BB1AE2E928E530056FCAB /* Release */,
			);
			defaultConfigurationIsVisible = 0;
			defaultConfigurationName = Release;
		};
		1D9BB1AF2E928E530056FCAB /* Build configuration list for PBXNativeTarget "SayaclarUITests" */ = {
			isa = XCConfigurationList;
			buildConfigurations = (
				1D9BB1B02E928E530056FCAB /* Debug */,
				1D9BB1B12E928E530056FCAB /* Release */,
			);
			defaultConfigurationIsVisible = 0;
			defaultConfigurationName = Release;
		};
/* End XCConfigurationList section */
	};
	rootObject = 1D9BB1762E928E510056FCAB /* Project object */;
}
