// !$*UTF8*$!
{
	archiveVersion = 1;
	classes = {
	};
	objectVersion = 77;
	objects = {

/* Begin PBXContainerItemProxy section */
		1D9BB1D22E9294D20056FCAB /* PBXContainerItemProxy */ = {
			isa = PBXContainerItemProxy;
			containerPortal = 1D9BB1B32E9294D10056FCAB /* Project object */;
			proxyType = 1;
			remoteGlobalIDString = 1D9BB1BA2E9294D10056FCAB;
			remoteInfo = SuperKahramanKitabi;
		};
		1D9BB1DC2E9294D30056FCAB /* PBXContainerItemProxy */ = {
			isa = PBXContainerItemProxy;
			containerPortal = 1D9BB1B32E9294D10056FCAB /* Project object */;
			proxyType = 1;
			remoteGlobalIDString = 1D9BB1BA2E9294D10056FCAB;
			remoteInfo = SuperKahramanKitabi;
		};
/* End PBXContainerItemProxy section */

/* Begin PBXFileReference section */
		1D9BB1BB2E9294D10056FCAB /* SuperKahramanKitabi.app */ = {isa = PBXFileReference; explicitFileType = wrapper.application; includeInIndex = 0; path = SuperKahramanKitabi.app; sourceTree = BUILT_PRODUCTS_DIR; };
		1D9BB1D12E9294D20056FCAB /* SuperKahramanKitabiTests.xctest */ = {isa = PBXFileReference; explicitFileType = wrapper.cfbundle; includeInIndex = 0; path = SuperKahramanKitabiTests.xctest; sourceTree = BUILT_PRODUCTS_DIR; };
		1D9BB1DB2E9294D30056FCAB /* SuperKahramanKitabiUITests.xctest */ = {isa = PBXFileReference; explicitFileType = wrapper.cfbundle; includeInIndex = 0; path = SuperKahramanKitabiUITests.xctest; sourceTree = BUILT_PRODUCTS_DIR; };
/* End PBXFileReference section */

/* Begin PBXFileSystemSynchronizedBuildFileExceptionSet section */
		1D9BB1E32E9294D30056FCAB /* Exceptions for "SuperKahramanKitabi" folder in "SuperKahramanKitabi" target */ = {
			isa = PBXFileSystemSynchronizedBuildFileExceptionSet;
			membershipExceptions = (
				Info.plist,
			);
			target = 1D9BB1BA2E9294D10056FCAB /* SuperKahramanKitabi */;
		};
/* End PBXFileSystemSynchronizedBuildFileExceptionSet section */

/* Begin PBXFileSystemSynchronizedRootGroup section */
		1D9BB1BD2E9294D10056FCAB /* SuperKahramanKitabi */ = {
			isa = PBXFileSystemSynchronizedRootGroup;
			exceptions = (
				1D9BB1E32E9294D30056FCAB /* Exceptions for "SuperKahramanKitabi" folder in "SuperKahramanKitabi" target */,
			);
			path = SuperKahramanKitabi;
			sourceTree = "<group>";
		};
		1D9BB1D42E9294D20056FCAB /* SuperKahramanKitabiTests */ = {
			isa = PBXFileSystemSynchronizedRootGroup;
			path = SuperKahramanKitabiTests;
			sourceTree = "<group>";
		};
		1D9BB1DE2E9294D30056FCAB /* SuperKahramanKitabiUITests */ = {
			isa = PBXFileSystemSynchronizedRootGroup;
			path = SuperKahramanKitabiUITests;
			sourceTree = "<group>";
		};
/* End PBXFileSystemSynchronizedRootGroup section */

/* Begin PBXFrameworksBuildPhase section */
		1D9BB1B82E9294D10056FCAB /* Frameworks */ = {
			isa = PBXFrameworksBuildPhase;
			buildActionMask = 2147483647;
			files = (
			);
			runOnlyForDeploymentPostprocessing = 0;
		};
		1D9BB1CE2E9294D20056FCAB /* Frameworks */ = {
			isa = PBXFrameworksBuildPhase;
			buildActionMask = 2147483647;
			files = (
			);
			runOnlyForDeploymentPostprocessing = 0;
		};
		1D9BB1D82E9294D30056FCAB /* Frameworks */ = {
			isa = PBXFrameworksBuildPhase;
			buildActionMask = 2147483647;
			files = (
			);
			runOnlyForDeploymentPostprocessing = 0;
		};
/* End PBXFrameworksBuildPhase section */

/* Begin PBXGroup section */
		1D9BB1B22E9294D10056FCAB = {
			isa = PBXGroup;
			children = (
				1D9BB1BD2E9294D10056FCAB /* SuperKahramanKitabi */,
				1D9BB1D42E9294D20056FCAB /* SuperKahramanKitabiTests */,
				1D9BB1DE2E9294D30056FCAB /* SuperKahramanKitabiUITests */,
				1D9BB1BC2E9294D10056FCAB /* Products */,
			);
			sourceTree = "<group>";
		};
		1D9BB1BC2E9294D10056FCAB /* Products */ = {
			isa = PBXGroup;
			children = (
				1D9BB1BB2E9294D10056FCAB /* SuperKahramanKitabi.app */,
				1D9BB1D12E9294D20056FCAB /* SuperKahramanKitabiTests.xctest */,
				1D9BB1DB2E9294D30056FCAB /* SuperKahramanKitabiUITests.xctest */,
			);
			name = Products;
			sourceTree = "<group>";
		};
/* End PBXGroup section */

/* Begin PBXNativeTarget section */
		1D9BB1BA2E9294D10056FCAB /* SuperKahramanKitabi */ = {
			isa = PBXNativeTarget;
			buildConfigurationList = 1D9BB1E42E9294D30056FCAB /* Build configuration list for PBXNativeTarget "SuperKahramanKitabi" */;
			buildPhases = (
				1D9BB1B72E9294D10056FCAB /* Sources */,
				1D9BB1B82E9294D10056FCAB /* Frameworks */,
				1D9BB1B92E9294D10056FCAB /* Resources */,
			);
			buildRules = (
			);
			dependencies = (
			);
			fileSystemSynchronizedGroups = (
				1D9BB1BD2E9294D10056FCAB /* SuperKahramanKitabi */,
			);
			name = SuperKahramanKitabi;
			packageProductDependencies = (
			);
			productName = SuperKahramanKitabi;
			productReference = 1D9BB1BB2E9294D10056FCAB /* SuperKahramanKitabi.app */;
			productType = "com.apple.product-type.application";
		};
		1D9BB1D02E9294D20056FCAB /* SuperKahramanKitabiTests */ = {
			isa = PBXNativeTarget;
			buildConfigurationList = 1D9BB1E92E9294D30056FCAB /* Build configuration list for PBXNativeTarget "SuperKahramanKitabiTests" */;
			buildPhases = (
				1D9BB1CD2E9294D20056FCAB /* Sources */,
				1D9BB1CE2E9294D20056FCAB /* Frameworks */,
				1D9BB1CF2E9294D20056FCAB /* Resources */,
			);
			buildRules = (
			);
			dependencies = (
				1D9BB1D32E9294D20056FCAB /* PBXTargetDependency */,
			);
			fileSystemSynchronizedGroups = (
				1D9BB1D42E9294D20056FCAB /* SuperKahramanKitabiTests */,
			);
			name = SuperKahramanKitabiTests;
			packageProductDependencies = (
			);
			productName = SuperKahramanKitabiTests;
			productReference = 1D9BB1D12E9294D20056FCAB /* SuperKahramanKitabiTests.xctest */;
			productType = "com.apple.product-type.bundle.unit-test";
		};
		1D9BB1DA2E9294D30056FCAB /* SuperKahramanKitabiUITests */ = {
			isa = PBXNativeTarget;
			buildConfigurationList = 1D9BB1EC2E9294D30056FCAB /* Build configuration list for PBXNativeTarget "SuperKahramanKitabiUITests" */;
			buildPhases = (
				1D9BB1D72E9294D30056FCAB /* Sources */,
				1D9BB1D82E9294D30056FCAB /* Frameworks */,
				1D9BB1D92E9294D30056FCAB /* Resources */,
			);
			buildRules = (
			);
			dependencies = (
				1D9BB1DD2E9294D30056FCAB /* PBXTargetDependency */,
			);
			fileSystemSynchronizedGroups = (
				1D9BB1DE2E9294D30056FCAB /* SuperKahramanKitabiUITests */,
			);
			name = SuperKahramanKitabiUITests;
			packageProductDependencies = (
			);
			productName = SuperKahramanKitabiUITests;
			productReference = 1D9BB1DB2E9294D30056FCAB /* SuperKahramanKitabiUITests.xctest */;
			productType = "com.apple.product-type.bundle.ui-testing";
		};
/* End PBXNativeTarget section */

/* Begin PBXProject section */
		1D9BB1B32E9294D10056FCAB /* Project object */ = {
			isa = PBXProject;
			attributes = {
				BuildIndependentTargetsInParallel = 1;
				LastSwiftUpdateCheck = 1640;
				LastUpgradeCheck = 1640;
				TargetAttributes = {
					1D9BB1BA2E9294D10056FCAB = {
						CreatedOnToolsVersion = 16.4;
					};
					1D9BB1D02E9294D20056FCAB = {
						CreatedOnToolsVersion = 16.4;
						TestTargetID = 1D9BB1BA2E9294D10056FCAB;
					};
					1D9BB1DA2E9294D30056FCAB = {
						CreatedOnToolsVersion = 16.4;
						TestTargetID = 1D9BB1BA2E9294D10056FCAB;
					};
				};
			};
			buildConfigurationList = 1D9BB1B62E9294D10056FCAB /* Build configuration list for PBXProject "SuperKahramanKitabi" */;
			developmentRegion = en;
			hasScannedForEncodings = 0;
			knownRegions = (
				en,
				Base,
			);
			mainGroup = 1D9BB1B22E9294D10056FCAB;
			minimizedProjectReferenceProxies = 1;
			preferredProjectObjectVersion = 77;
			productRefGroup = 1D9BB1BC2E9294D10056FCAB /* Products */;
			projectDirPath = "";
			projectRoot = "";
			targets = (
				1D9BB1BA2E9294D10056FCAB /* SuperKahramanKitabi */,
				1D9BB1D02E9294D20056FCAB /* SuperKahramanKitabiTests */,
				1D9BB1DA2E9294D30056FCAB /* SuperKahramanKitabiUITests */,
			);
		};
/* End PBXProject section */

/* Begin PBXResourcesBuildPhase section */
		1D9BB1B92E9294D10056FCAB /* Resources */ = {
			isa = PBXResourcesBuildPhase;
			buildActionMask = 2147483647;
			files = (
			);
			runOnlyForDeploymentPostprocessing = 0;
		};
		1D9BB1CF2E9294D20056FCAB /* Resources */ = {
			isa = PBXResourcesBuildPhase;
			buildActionMask = 2147483647;
			files = (
			);
			runOnlyForDeploymentPostprocessing = 0;
		};
		1D9BB1D92E9294D30056FCAB /* Resources */ = {
			isa = PBXResourcesBuildPhase;
			buildActionMask = 2147483647;
			files = (
			);
			runOnlyForDeploymentPostprocessing = 0;
		};
/* End PBXResourcesBuildPhase section */

/* Begin PBXSourcesBuildPhase section */
		1D9BB1B72E9294D10056FCAB /* Sources */ = {
			isa = PBXSourcesBuildPhase;
			buildActionMask = 2147483647;
			files = (
			);
			runOnlyForDeploymentPostprocessing = 0;
		};
		1D9BB1CD2E9294D20056FCAB /* Sources */ = {
			isa = PBXSourcesBuildPhase;
			buildActionMask = 2147483647;
			files = (
			);
			runOnlyForDeploymentPostprocessing = 0;
		};
		1D9BB1D72E9294D30056FCAB /* Sources */ = {
			isa = PBXSourcesBuildPhase;
			buildActionMask = 2147483647;
			files = (
			);
			runOnlyForDeploymentPostprocessing = 0;
		};
/* End PBXSourcesBuildPhase section */

/* Begin PBXTargetDependency section */
		1D9BB1D32E9294D20056FCAB /* PBXTargetDependency */ = {
			isa = PBXTargetDependency;
			target = 1D9BB1BA2E9294D10056FCAB /* SuperKahramanKitabi */;
			targetProxy = 1D9BB1D22E9294D20056FCAB /* PBXContainerItemProxy */;
		};
		1D9BB1DD2E9294D30056FCAB /* PBXTargetDependency */ = {
			isa = PBXTargetDependency;
			target = 1D9BB1BA2E9294D10056FCAB /* SuperKahramanKitabi */;
			targetProxy = 1D9BB1DC2E9294D30056FCAB /* PBXContainerItemProxy */;
		};
/* End PBXTargetDependency section */

/* Begin XCBuildConfiguration section */
		1D9BB1E52E9294D30056FCAB /* Debug */ = {
			isa = XCBuildConfiguration;
			buildSettings = {
				ASSETCATALOG_COMPILER_APPICON_NAME = AppIcon;
				ASSETCATALOG_COMPILER_GLOBAL_ACCENT_COLOR_NAME = AccentColor;
				CODE_SIGN_STYLE = Automatic;
				CURRENT_PROJECT_VERSION = 1;
				DEVELOPMENT_TEAM = 92BJ37CMXV;
				GENERATE_INFOPLIST_FILE = YES;
				INFOPLIST_FILE = SuperKahramanKitabi/Info.plist;
				INFOPLIST_KEY_UIApplicationSupportsIndirectInputEvents = YES;
				INFOPLIST_KEY_UILaunchStoryboardName = LaunchScreen;
				INFOPLIST_KEY_UIMainStoryboardFile = Main;
				INFOPLIST_KEY_UISupportedInterfaceOrientations_iPad = "UIInterfaceOrientationPortrait UIInterfaceOrientationPortraitUpsideDown UIInterfaceOrientationLandscapeLeft UIInterfaceOrientationLandscapeRight";
				INFOPLIST_KEY_UISupportedInterfaceOrientations_iPhone = "UIInterfaceOrientationPortrait UIInterfaceOrientationLandscapeLeft UIInterfaceOrientationLandscapeRight";
				LD_RUNPATH_SEARCH_PATHS = (
					"$(inherited)",
					"@executable_path/Frameworks",
				);
				MARKETING_VERSION = 1.0;
				PRODUCT_BUNDLE_IDENTIFIER = com.mustafaemirata.SuperKahramanKitabi;
				PRODUCT_NAME = "$(TARGET_NAME)";
				SWIFT_EMIT_LOC_STRINGS = YES;
				SWIFT_VERSION = 5.0;
				TARGETED_DEVICE_FAMILY = "1,2";
			};
			name = Debug;
		};
		1D9BB1E62E9294D30056FCAB /* Release */ = {
			isa = XCBuildConfiguration;
			buildSettings = {
				ASSETCATALOG_COMPILER_APPICON_NAME = AppIcon;
				ASSETCATALOG_COMPILER_GLOBAL_ACCENT_COLOR_NAME = AccentColor;
				CODE_SIGN_STYLE = Automatic;
				CURRENT_PROJECT_VERSION = 1;
				DEVELOPMENT_TEAM = 92BJ37CMXV;
				GENERATE_INFOPLIST_FILE = YES;
				INFOPLIST_FILE = SuperKahramanKitabi/Info.plist;
				INFOPLIST_KEY_UIApplicationSupportsIndirectInputEvents = YES;
				INFOPLIST_KEY_UILaunchStoryboardName = LaunchScreen;
				INFOPLIST_KEY_UIMainStoryboardFile = Main;
				INFOPLIST_KEY_UISupportedInterfaceOrientations_iPad = "UIInterfaceOrientationPortrait UIInterfaceOrientationPortraitUpsideDown UIInterfaceOrientationLandscapeLeft UIInterfaceOrientationLandscapeRight";
				INFOPLIST_KEY_UISupportedInterfaceOrientations_iPhone = "UIInterfaceOrientationPortrait UIInterfaceOrientationLandscapeLeft UIInterfaceOrientationLandscapeRight";
				LD_RUNPATH_SEARCH_PATHS = (
					"$(inherited)",
					"@executable_path/Frameworks",
				);
				MARKETING_VERSION = 1.0;
				PRODUCT_BUNDLE_IDENTIFIER = com.mustafaemirata.SuperKahramanKitabi;
				PRODUCT_NAME = "$(TARGET_NAME)";
				SWIFT_EMIT_LOC_STRINGS = YES;
				SWIFT_VERSION = 5.0;
				TARGETED_DEVICE_FAMILY = "1,2";
			};
			name = Release;
		};
		1D9BB1E72E9294D30056FCAB /* Debug */ = {
			isa = XCBuildConfiguration;
			buildSettings = {
				ALWAYS_SEARCH_USER_PATHS = NO;
				ASSETCATALOG_COMPILER_GENERATE_SWIFT_ASSET_SYMBOL_EXTENSIONS = YES;
				CLANG_ANALYZER_NONNULL = YES;
				CLANG_ANALYZER_NUMBER_OBJECT_CONVERSION = YES_AGGRESSIVE;
				CLANG_CXX_LANGUAGE_STANDARD = "gnu++20";
				CLANG_ENABLE_MODULES = YES;
				CLANG_ENABLE_OBJC_ARC = YES;
				CLANG_ENABLE_OBJC_WEAK = YES;
				CLANG_WARN_BLOCK_CAPTURE_AUTORELEASING = YES;
				CLANG_WARN_BOOL_CONVERSION = YES;
				CLANG_WARN_COMMA = YES;
				CLANG_WARN_CONSTANT_CONVERSION = YES;
				CLANG_WARN_DEPRECATED_OBJC_IMPLEMENTATIONS = YES;
				CLANG_WARN_DIRECT_OBJC_ISA_USAGE = YES_ERROR;
				CLANG_WARN_DOCUMENTATION_COMMENTS = YES;
				CLANG_WARN_EMPTY_BODY = YES;
				CLANG_WARN_ENUM_CONVERSION = YES;
				CLANG_WARN_INFINITE_RECURSION = YES;
				CLANG_WARN_INT_CONVERSION = YES;
				CLANG_WARN_NON_LITERAL_NULL_CONVERSION = YES;
				CLANG_WARN_OBJC_IMPLICIT_RETAIN_SELF = YES;
				CLANG_WARN_OBJC_LITERAL_CONVERSION = YES;
				CLANG_WARN_OBJC_ROOT_CLASS = YES_ERROR;
				CLANG_WARN_QUOTED_INCLUDE_IN_FRAMEWORK_HEADER = YES;
				CLANG_WARN_RANGE_LOOP_ANALYSIS = YES;
				CLANG_WARN_STRICT_PROTOTYPES = YES;
				CLANG_WARN_SUSPICIOUS_MOVE = YES;
				CLANG_WARN_UNGUARDED_AVAILABILITY = YES_AGGRESSIVE;
				CLANG_WARN_UNREACHABLE_CODE = YES;
				CLANG_WARN__DUPLICATE_METHOD_MATCH = YES;
				COPY_PHASE_STRIP = NO;
				DEBUG_INFORMATION_FORMAT = dwarf;
				DEVELOPMENT_TEAM = 92BJ37CMXV;
				ENABLE_STRICT_OBJC_MSGSEND = YES;
				ENABLE_TESTABILITY = YES;
				ENABLE_USER_SCRIPT_SANDBOXING = YES;
				GCC_C_LANGUAGE_STANDARD = gnu17;
				GCC_DYNAMIC_NO_PIC = NO;
				GCC_NO_COMMON_BLOCKS = YES;
				GCC_OPTIMIZATION_LEVEL = 0;
				GCC_PREPROCESSOR_DEFINITIONS = (
					"DEBUG=1",
					"$(inherited)",
				);
				GCC_WARN_64_TO_32_BIT_CONVERSION = YES;
				GCC_WARN_ABOUT_RETURN_TYPE = YES_ERROR;
				GCC_WARN_UNDECLARED_SELECTOR = YES;
				GCC_WARN_UNINITIALIZED_AUTOS = YES_AGGRESSIVE;
				GCC_WARN_UNUSED_FUNCTION = YES;
				GCC_WARN_UNUSED_VARIABLE = YES;
				IPHONEOS_DEPLOYMENT_TARGET = 18.5;
				LOCALIZATION_PREFERS_STRING_CATALOGS = YES;
				MTL_ENABLE_DEBUG_INFO = INCLUDE_SOURCE;
				MTL_FAST_MATH = YES;
				ONLY_ACTIVE_ARCH = YES;
				SDKROOT = iphoneos;
				SWIFT_ACTIVE_COMPILATION_CONDITIONS = "DEBUG $(inherited)";
				SWIFT_OPTIMIZATION_LEVEL = "-Onone";
			};
			name = Debug;
		};
		1D9BB1E82E9294D30056FCAB /* Release */ = {
			isa = XCBuildConfiguration;
			buildSettings = {
				ALWAYS_SEARCH_USER_PATHS = NO;
				ASSETCATALOG_COMPILER_GENERATE_SWIFT_ASSET_SYMBOL_EXTENSIONS = YES;
				CLANG_ANALYZER_NONNULL = YES;
				CLANG_ANALYZER_NUMBER_OBJECT_CONVERSION = YES_AGGRESSIVE;
				CLANG_CXX_LANGUAGE_STANDARD = "gnu++20";
				CLANG_ENABLE_MODULES = YES;
				CLANG_ENABLE_OBJC_ARC = YES;
				CLANG_ENABLE_OBJC_WEAK = YES;
				CLANG_WARN_BLOCK_CAPTURE_AUTORELEASING = YES;
				CLANG_WARN_BOOL_CONVERSION = YES;
				CLANG_WARN_COMMA = YES;
				CLANG_WARN_CONSTANT_CONVERSION = YES;
				CLANG_WARN_DEPRECATED_OBJC_IMPLEMENTATIONS = YES;
				CLANG_WARN_DIRECT_OBJC_ISA_USAGE = YES_ERROR;
				CLANG_WARN_DOCUMENTATION_COMMENTS = YES;
				CLANG_WARN_EMPTY_BODY = YES;
				CLANG_WARN_ENUM_CONVERSION = YES;
				CLANG_WARN_INFINITE_RECURSION = YES;
				CLANG_WARN_INT_CONVERSION = YES;
				CLANG_WARN_NON_LITERAL_NULL_CONVERSION = YES;
				CLANG_WARN_OBJC_IMPLICIT_RETAIN_SELF = YES;
				CLANG_WARN_OBJC_LITERAL_CONVERSION = YES;
				CLANG_WARN_OBJC_ROOT_CLASS = YES_ERROR;
				CLANG_WARN_QUOTED_INCLUDE_IN_FRAMEWORK_HEADER = YES;
				CLANG_WARN_RANGE_LOOP_ANALYSIS = YES;
				CLANG_WARN_STRICT_PROTOTYPES = YES;
				CLANG_WARN_SUSPICIOUS_MOVE = YES;
				CLANG_WARN_UNGUARDED_AVAILABILITY = YES_AGGRESSIVE;
				CLANG_WARN_UNREACHABLE_CODE = YES;
				CLANG_WARN__DUPLICATE_METHOD_MATCH = YES;
				COPY_PHASE_STRIP = NO;
				DEBUG_INFORMATION_FORMAT = "dwarf-with-dsym";
				DEVELOPMENT_TEAM = 92BJ37CMXV;
				ENABLE_NS_ASSERTIONS = NO;
				ENABLE_STRICT_OBJC_MSGSEND = YES;
				ENABLE_USER_SCRIPT_SANDBOXING = YES;
				GCC_C_LANGUAGE_STANDARD = gnu17;
				GCC_NO_COMMON_BLOCKS = YES;
				GCC_WARN_64_TO_32_BIT_CONVERSION = YES;
				GCC_WARN_ABOUT_RETURN_TYPE = YES_ERROR;
				GCC_WARN_UNDECLARED_SELECTOR = YES;
				GCC_WARN_UNINITIALIZED_AUTOS = YES_AGGRESSIVE;
				GCC_WARN_UNUSED_FUNCTION = YES;
				GCC_WARN_UNUSED_VARIABLE = YES;
				IPHONEOS_DEPLOYMENT_TARGET = 18.5;
				LOCALIZATION_PREFERS_STRING_CATALOGS = YES;
				MTL_ENABLE_DEBUG_INFO = NO;
				MTL_FAST_MATH = YES;
				SDKROOT = iphoneos;
				SWIFT_COMPILATION_MODE = wholemodule;
				VALIDATE_PRODUCT = YES;
			};
			name = Release;
		};
		1D9BB1EA2E9294D30056FCAB /* Debug */ = {
			isa = XCBuildConfiguration;
			buildSettings = {
				BUNDLE_LOADER = "$(TEST_HOST)";
				CODE_SIGN_STYLE = Automatic;
				CURRENT_PROJECT_VERSION = 1;
				DEVELOPMENT_TEAM = 92BJ37CMXV;
				GENERATE_INFOPLIST_FILE = YES;
				IPHONEOS_DEPLOYMENT_TARGET = 18.5;
				MARKETING_VERSION = 1.0;
				PRODUCT_BUNDLE_IDENTIFIER = com.mustafaemirata.SuperKahramanKitabiTests;
				PRODUCT_NAME = "$(TARGET_NAME)";
				SWIFT_EMIT_LOC_STRINGS = NO;
				SWIFT_VERSION = 5.0;
				TARGETED_DEVICE_FAMILY = "1,2";
				TEST_HOST = "$(BUILT_PRODUCTS_DIR)/SuperKahramanKitabi.app/$(BUNDLE_EXECUTABLE_FOLDER_PATH)/SuperKahramanKitabi";
			};
			name = Debug;
		};
		1D9BB1EB2E9294D30056FCAB /* Release */ = {
			isa = XCBuildConfiguration;
			buildSettings = {
				BUNDLE_LOADER = "$(TEST_HOST)";
				CODE_SIGN_STYLE = Automatic;
				CURRENT_PROJECT_VERSION = 1;
				DEVELOPMENT_TEAM = 92BJ37CMXV;
				GENERATE_INFOPLIST_FILE = YES;
				IPHONEOS_DEPLOYMENT_TARGET = 18.5;
				MARKETING_VERSION = 1.0;
				PRODUCT_BUNDLE_IDENTIFIER = com.mustafaemirata.SuperKahramanKitabiTests;
				PRODUCT_NAME = "$(TARGET_NAME)";
				SWIFT_EMIT_LOC_STRINGS = NO;
				SWIFT_VERSION = 5.0;
				TARGETED_DEVICE_FAMILY = "1,2";
				TEST_HOST = "$(BUILT_PRODUCTS_DIR)/SuperKahramanKitabi.app/$(BUNDLE_EXECUTABLE_FOLDER_PATH)/SuperKahramanKitabi";
			};
			name = Release;
		};
		1D9BB1ED2E9294D30056FCAB /* Debug */ = {
			isa = XCBuildConfiguration;
			buildSettings = {
				CODE_SIGN_STYLE = Automatic;
				CURRENT_PROJECT_VERSION = 1;
				DEVELOPMENT_TEAM = 92BJ37CMXV;
				GENERATE_INFOPLIST_FILE = YES;
				MARKETING_VERSION = 1.0;
				PRODUCT_BUNDLE_IDENTIFIER = com.mustafaemirata.SuperKahramanKitabiUITests;
				PRODUCT_NAME = "$(TARGET_NAME)";
				SWIFT_EMIT_LOC_STRINGS = NO;
				SWIFT_VERSION = 5.0;
				TARGETED_DEVICE_FAMILY = "1,2";
				TEST_TARGET_NAME = SuperKahramanKitabi;
			};
			name = Debug;
		};
		1D9BB1EE2E9294D30056FCAB /* Release */ = {
			isa = XCBuildConfiguration;
			buildSettings = {
				CODE_SIGN_STYLE = Automatic;
				CURRENT_PROJECT_VERSION = 1;
				DEVELOPMENT_TEAM = 92BJ37CMXV;
				GENERATE_INFOPLIST_FILE = YES;
				MARKETING_VERSION = 1.0;
				PRODUCT_BUNDLE_IDENTIFIER = com.mustafaemirata.SuperKahramanKitabiUITests;
				PRODUCT_NAME = "$(TARGET_NAME)";
				SWIFT_EMIT_LOC_STRINGS = NO;
				SWIFT_VERSION = 5.0;
				TARGETED_DEVICE_FAMILY = "1,2";
				TEST_TARGET_NAME = SuperKahramanKitabi;
			};
			name = Release;
		};
/* End XCBuildConfiguration section */

/* Begin XCConfigurationList section */
		1D9BB1B62E9294D10056FCAB /* Build configuration list for PBXProject "SuperKahramanKitabi" */ = {
			isa = XCConfigurationList;
			buildConfigurations = (
				1D9BB1E72E9294D30056FCAB /* Debug */,
				1D9BB1E82E9294D30056FCAB /* Release */,
			);
			defaultConfigurationIsVisible = 0;
			defaultConfigurationName = Release;
		};
		1D9BB1E42E9294D30056FCAB /* Build configuration list for PBXNativeTarget "SuperKahramanKitabi" */ = {
			isa = XCConfigurationList;
			buildConfigurations = (
				1D9BB1E52E9294D30056FCAB /* Debug */,
				1D9BB1E62E9294D30056FCAB /* Release */,
			);
			defaultConfigurationIsVisible = 0;
			defaultConfigurationName = Release;
		};
		1D9BB1E92E9294D30056FCAB /* Build configuration list for PBXNativeTarget "SuperKahramanKitabiTests" */ = {
			isa = XCConfigurationList;
			buildConfigurations = (
				1D9BB1EA2E9294D30056FCAB /* Debug */,
				1D9BB1EB2E9294D30056FCAB /* Release */,
			);
			defaultConfigurationIsVisible = 0;
			defaultConfigurationName = Release;
		};
		1D9BB1EC2E9294D30056FCAB /* Build configuration list for PBXNativeTarget "SuperKahramanKitabiUITests" */ = {
			isa = XCConfigurationList;
			buildConfigurations = (
				1D9BB1ED2E9294D30056FCAB /* Debug */,
				1D9BB1EE2E9294D30056FCAB /* Release */,
			);
			defaultConfigurationIsVisible = 0;
			defaultConfigurationName = Release;
		};
/* End XCConfigurationList section */
	};
	rootObject = 1D9BB1B32E9294D10056FCAB /* Project object */;
}
